
Microsoft Visual Studio Solution File, Format Version 10.00
# Visual Studio 2008
Project("{8BC9CEB8-8B4A-11D0-8D11-00A0C91BC942}") = "Haggle", "Haggle.vcproj", "{8944C0A5-BF57-4B1D-AD7A-D20AB63C36D3}"
	ProjectSection(ProjectDependencies) = postProject
		{D00F5706-F3D3-4C38-BA2A-BF8BF96F6734} = {D00F5706-F3D3-4C38-BA2A-BF8BF96F6734}
		{03458E0B-BD50-4B1A-AA63-59A980ACB60D} = {03458E0B-BD50-4B1A-AA63-59A980ACB60D}
		{B773F037-666C-4730-B1FA-E0192C316541} = {B773F037-666C-4730-B1FA-E0192C316541}
		{D388BB43-79D3-4418-9ECE-B9B2D1AA1D29} = {D388BB43-79D3-4418-9ECE-B9B2D1AA1D29}
		{7832ADDF-1417-4CB3-AD85-96C065470265} = {7832ADDF-1417-4CB3-AD85-96C065470265}
	EndProjectSection
EndProject
Project("{8BC9CEB8-8B4A-11D0-8D11-00A0C91BC942}") = "haggleutils", "..\haggleutils\haggleutils.vcproj", "{D388BB43-79D3-4418-9ECE-B9B2D1AA1D29}"
	ProjectSection(ProjectDependencies) = postProject
		{7832ADDF-1417-4CB3-AD85-96C065470265} = {7832ADDF-1417-4CB3-AD85-96C065470265}
	EndProjectSection
EndProject
Project("{8BC9CEB8-8B4A-11D0-8D11-00A0C91BC942}") = "sqlite", "..\sqlite3\sqlite.vcproj", "{B773F037-666C-4730-B1FA-E0192C316541}"
EndProject
Project("{8BC9CEB8-8B4A-11D0-8D11-00A0C91BC942}") = "libxml2", "..\libxml2\libxml2.vcproj", "{D00F5706-F3D3-4C38-BA2A-BF8BF96F6734}"
EndProject
Project("{8BC9CEB8-8B4A-11D0-8D11-00A0C91BC942}") = "libcpphaggle", "..\libcpphaggle\libcpphaggle.vcproj", "{03458E0B-BD50-4B1A-AA63-59A980ACB60D}"
	ProjectSection(ProjectDependencies) = postProject
		{D388BB43-79D3-4418-9ECE-B9B2D1AA1D29} = {D388BB43-79D3-4418-9ECE-B9B2D1AA1D29}
	EndProjectSection
EndProject
Project("{8BC9CEB8-8B4A-11D0-8D11-00A0C91BC942}") = "Crypto", "..\OpenSSL\Crypto\Crypto.vcproj", "{7832ADDF-1417-4CB3-AD85-96C065470265}"
EndProject
Global
	GlobalSection(SolutionConfigurationPlatforms) = preSolution
		Benchmark|Windows Mobile 6 Professional SDK (ARMV4I) = Benchmark|Windows Mobile 6 Professional SDK (ARMV4I)
		Benchmark|Windows Mobile 6 Standard SDK (ARMV4I) = Benchmark|Windows Mobile 6 Standard SDK (ARMV4I)
		Debug(WIDCOMM)|Windows Mobile 6 Professional SDK (ARMV4I) = Debug(WIDCOMM)|Windows Mobile 6 Professional SDK (ARMV4I)
		Debug(WIDCOMM)|Windows Mobile 6 Standard SDK (ARMV4I) = Debug(WIDCOMM)|Windows Mobile 6 Standard SDK (ARMV4I)
		Debug|Windows Mobile 6 Professional SDK (ARMV4I) = Debug|Windows Mobile 6 Professional SDK (ARMV4I)
		Debug|Windows Mobile 6 Standard SDK (ARMV4I) = Debug|Windows Mobile 6 Standard SDK (ARMV4I)
		Release(WIDCOMM)|Windows Mobile 6 Professional SDK (ARMV4I) = Release(WIDCOMM)|Windows Mobile 6 Professional SDK (ARMV4I)
		Release(WIDCOMM)|Windows Mobile 6 Standard SDK (ARMV4I) = Release(WIDCOMM)|Windows Mobile 6 Standard SDK (ARMV4I)
		Release|Windows Mobile 6 Professional SDK (ARMV4I) = Release|Windows Mobile 6 Professional SDK (ARMV4I)
		Release|Windows Mobile 6 Standard SDK (ARMV4I) = Release|Windows Mobile 6 Standard SDK (ARMV4I)
	EndGlobalSection
	GlobalSection(ProjectConfigurationPlatforms) = postSolution
		{8944C0A5-BF57-4B1D-AD7A-D20AB63C36D3}.Benchmark|Windows Mobile 6 Professional SDK (ARMV4I).ActiveCfg = Benchmark|Windows Mobile 6 Professional SDK (ARMV4I)
		{8944C0A5-BF57-4B1D-AD7A-D20AB63C36D3}.Benchmark|Windows Mobile 6 Professional SDK (ARMV4I).Build.0 = Benchmark|Windows Mobile 6 Professional SDK (ARMV4I)
		{8944C0A5-BF57-4B1D-AD7A-D20AB63C36D3}.Benchmark|Windows Mobile 6 Professional SDK (ARMV4I).Deploy.0 = Benchmark|Windows Mobile 6 Professional SDK (ARMV4I)
		{8944C0A5-BF57-4B1D-AD7A-D20AB63C36D3}.Benchmark|Windows Mobile 6 Standard SDK (ARMV4I).ActiveCfg = Benchmark|Windows Mobile 6 Standard SDK (ARMV4I)
		{8944C0A5-BF57-4B1D-AD7A-D20AB63C36D3}.Benchmark|Windows Mobile 6 Standard SDK (ARMV4I).Build.0 = Benchmark|Windows Mobile 6 Standard SDK (ARMV4I)
		{8944C0A5-BF57-4B1D-AD7A-D20AB63C36D3}.Benchmark|Windows Mobile 6 Standard SDK (ARMV4I).Deploy.0 = Benchmark|Windows Mobile 6 Standard SDK (ARMV4I)
		{8944C0A5-BF57-4B1D-AD7A-D20AB63C36D3}.Debug(WIDCOMM)|Windows Mobile 6 Professional SDK (ARMV4I).ActiveCfg = Debug(WIDCOMM)|Windows Mobile 6 Professional SDK (ARMV4I)
		{8944C0A5-BF57-4B1D-AD7A-D20AB63C36D3}.Debug(WIDCOMM)|Windows Mobile 6 Professional SDK (ARMV4I).Build.0 = Debug(WIDCOMM)|Windows Mobile 6 Professional SDK (ARMV4I)
		{8944C0A5-BF57-4B1D-AD7A-D20AB63C36D3}.Debug(WIDCOMM)|Windows Mobile 6 Professional SDK (ARMV4I).Deploy.0 = Debug(WIDCOMM)|Windows Mobile 6 Professional SDK (ARMV4I)
		{8944C0A5-BF57-4B1D-AD7A-D20AB63C36D3}.Debug(WIDCOMM)|Windows Mobile 6 Standard SDK (ARMV4I).ActiveCfg = Debug(WIDCOMM)|Windows Mobile 6 Standard SDK (ARMV4I)
		{8944C0A5-BF57-4B1D-AD7A-D20AB63C36D3}.Debug(WIDCOMM)|Windows Mobile 6 Standard SDK (ARMV4I).Build.0 = Debug(WIDCOMM)|Windows Mobile 6 Standard SDK (ARMV4I)
		{8944C0A5-BF57-4B1D-AD7A-D20AB63C36D3}.Debug(WIDCOMM)|Windows Mobile 6 Standard SDK (ARMV4I).Deploy.0 = Debug(WIDCOMM)|Windows Mobile 6 Standard SDK (ARMV4I)
		{8944C0A5-BF57-4B1D-AD7A-D20AB63C36D3}.Debug|Windows Mobile 6 Professional SDK (ARMV4I).ActiveCfg = Debug|Windows Mobile 6 Professional SDK (ARMV4I)
		{8944C0A5-BF57-4B1D-AD7A-D20AB63C36D3}.Debug|Windows Mobile 6 Professional SDK (ARMV4I).Build.0 = Debug|Windows Mobile 6 Professional SDK (ARMV4I)
		{8944C0A5-BF57-4B1D-AD7A-D20AB63C36D3}.Debug|Windows Mobile 6 Professional SDK (ARMV4I).Deploy.0 = Debug|Windows Mobile 6 Professional SDK (ARMV4I)
		{8944C0A5-BF57-4B1D-AD7A-D20AB63C36D3}.Debug|Windows Mobile 6 Standard SDK (ARMV4I).ActiveCfg = Debug|Windows Mobile 6 Standard SDK (ARMV4I)
		{8944C0A5-BF57-4B1D-AD7A-D20AB63C36D3}.Debug|Windows Mobile 6 Standard SDK (ARMV4I).Build.0 = Debug|Windows Mobile 6 Standard SDK (ARMV4I)
		{8944C0A5-BF57-4B1D-AD7A-D20AB63C36D3}.Debug|Windows Mobile 6 Standard SDK (ARMV4I).Deploy.0 = Debug|Windows Mobile 6 Standard SDK (ARMV4I)
		{8944C0A5-BF57-4B1D-AD7A-D20AB63C36D3}.Release(WIDCOMM)|Windows Mobile 6 Professional SDK (ARMV4I).ActiveCfg = Release(WIDCOMM)|Windows Mobile 6 Professional SDK (ARMV4I)
		{8944C0A5-BF57-4B1D-AD7A-D20AB63C36D3}.Release(WIDCOMM)|Windows Mobile 6 Professional SDK (ARMV4I).Build.0 = Release(WIDCOMM)|Windows Mobile 6 Professional SDK (ARMV4I)
		{8944C0A5-BF57-4B1D-AD7A-D20AB63C36D3}.Release(WIDCOMM)|Windows Mobile 6 Professional SDK (ARMV4I).Deploy.0 = Release(WIDCOMM)|Windows Mobile 6 Professional SDK (ARMV4I)
		{8944C0A5-BF57-4B1D-AD7A-D20AB63C36D3}.Release(WIDCOMM)|Windows Mobile 6 Standard SDK (ARMV4I).ActiveCfg = Release(WIDCOMM)|Windows Mobile 6 Standard SDK (ARMV4I)
		{8944C0A5-BF57-4B1D-AD7A-D20AB63C36D3}.Release(WIDCOMM)|Windows Mobile 6 Standard SDK (ARMV4I).Build.0 = Release(WIDCOMM)|Windows Mobile 6 Standard SDK (ARMV4I)
		{8944C0A5-BF57-4B1D-AD7A-D20AB63C36D3}.Release(WIDCOMM)|Windows Mobile 6 Standard SDK (ARMV4I).Deploy.0 = Release(WIDCOMM)|Windows Mobile 6 Standard SDK (ARMV4I)
		{8944C0A5-BF57-4B1D-AD7A-D20AB63C36D3}.Release|Windows Mobile 6 Professional SDK (ARMV4I).ActiveCfg = Release|Windows Mobile 6 Professional SDK (ARMV4I)
		{8944C0A5-BF57-4B1D-AD7A-D20AB63C36D3}.Release|Windows Mobile 6 Professional SDK (ARMV4I).Build.0 = Release|Windows Mobile 6 Professional SDK (ARMV4I)
		{8944C0A5-BF57-4B1D-AD7A-D20AB63C36D3}.Release|Windows Mobile 6 Professional SDK (ARMV4I).Deploy.0 = Release|Windows Mobile 6 Professional SDK (ARMV4I)
		{8944C0A5-BF57-4B1D-AD7A-D20AB63C36D3}.Release|Windows Mobile 6 Standard SDK (ARMV4I).ActiveCfg = Release|Windows Mobile 6 Standard SDK (ARMV4I)
		{8944C0A5-BF57-4B1D-AD7A-D20AB63C36D3}.Release|Windows Mobile 6 Standard SDK (ARMV4I).Build.0 = Release|Windows Mobile 6 Standard SDK (ARMV4I)
		{8944C0A5-BF57-4B1D-AD7A-D20AB63C36D3}.Release|Windows Mobile 6 Standard SDK (ARMV4I).Deploy.0 = Release|Windows Mobile 6 Standard SDK (ARMV4I)
		{D388BB43-79D3-4418-9ECE-B9B2D1AA1D29}.Benchmark|Windows Mobile 6 Professional SDK (ARMV4I).ActiveCfg = Benchmark|Windows Mobile 6 Professional SDK (ARMV4I)
		{D388BB43-79D3-4418-9ECE-B9B2D1AA1D29}.Benchmark|Windows Mobile 6 Professional SDK (ARMV4I).Build.0 = Benchmark|Windows Mobile 6 Professional SDK (ARMV4I)
		{D388BB43-79D3-4418-9ECE-B9B2D1AA1D29}.Benchmark|Windows Mobile 6 Professional SDK (ARMV4I).Deploy.0 = Benchmark|Windows Mobile 6 Professional SDK (ARMV4I)
		{D388BB43-79D3-4418-9ECE-B9B2D1AA1D29}.Benchmark|Windows Mobile 6 Standard SDK (ARMV4I).ActiveCfg = Release|Windows Mobile 6 Standard SDK (ARMV4I)
		{D388BB43-79D3-4418-9ECE-B9B2D1AA1D29}.Benchmark|Windows Mobile 6 Standard SDK (ARMV4I).Build.0 = Release|Windows Mobile 6 Standard SDK (ARMV4I)
		{D388BB43-79D3-4418-9ECE-B9B2D1AA1D29}.Benchmark|Windows Mobile 6 Standard SDK (ARMV4I).Deploy.0 = Release|Windows Mobile 6 Standard SDK (ARMV4I)
		{D388BB43-79D3-4418-9ECE-B9B2D1AA1D29}.Debug(WIDCOMM)|Windows Mobile 6 Professional SDK (ARMV4I).ActiveCfg = Debug(WIDCOMM)|Windows Mobile 6 Professional SDK (ARMV4I)
		{D388BB43-79D3-4418-9ECE-B9B2D1AA1D29}.Debug(WIDCOMM)|Windows Mobile 6 Professional SDK (ARMV4I).Build.0 = Debug(WIDCOMM)|Windows Mobile 6 Professional SDK (ARMV4I)
		{D388BB43-79D3-4418-9ECE-B9B2D1AA1D29}.Debug(WIDCOMM)|Windows Mobile 6 Professional SDK (ARMV4I).Deploy.0 = Debug(WIDCOMM)|Windows Mobile 6 Professional SDK (ARMV4I)
		{D388BB43-79D3-4418-9ECE-B9B2D1AA1D29}.Debug(WIDCOMM)|Windows Mobile 6 Standard SDK (ARMV4I).ActiveCfg = Debug(WIDCOMM)|Windows Mobile 6 Standard SDK (ARMV4I)
		{D388BB43-79D3-4418-9ECE-B9B2D1AA1D29}.Debug(WIDCOMM)|Windows Mobile 6 Standard SDK (ARMV4I).Build.0 = Debug(WIDCOMM)|Windows Mobile 6 Standard SDK (ARMV4I)
		{D388BB43-79D3-4418-9ECE-B9B2D1AA1D29}.Debug(WIDCOMM)|Windows Mobile 6 Standard SDK (ARMV4I).Deploy.0 = Debug(WIDCOMM)|Windows Mobile 6 Standard SDK (ARMV4I)
		{D388BB43-79D3-4418-9ECE-B9B2D1AA1D29}.Debug|Windows Mobile 6 Professional SDK (ARMV4I).ActiveCfg = Debug|Windows Mobile 6 Professional SDK (ARMV4I)
		{D388BB43-79D3-4418-9ECE-B9B2D1AA1D29}.Debug|Windows Mobile 6 Professional SDK (ARMV4I).Build.0 = Debug|Windows Mobile 6 Professional SDK (ARMV4I)
		{D388BB43-79D3-4418-9ECE-B9B2D1AA1D29}.Debug|Windows Mobile 6 Professional SDK (ARMV4I).Deploy.0 = Debug|Windows Mobile 6 Professional SDK (ARMV4I)
		{D388BB43-79D3-4418-9ECE-B9B2D1AA1D29}.Debug|Windows Mobile 6 Standard SDK (ARMV4I).ActiveCfg = Debug|Windows Mobile 6 Standard SDK (ARMV4I)
		{D388BB43-79D3-4418-9ECE-B9B2D1AA1D29}.Debug|Windows Mobile 6 Standard SDK (ARMV4I).Build.0 = Debug|Windows Mobile 6 Standard SDK (ARMV4I)
		{D388BB43-79D3-4418-9ECE-B9B2D1AA1D29}.Debug|Windows Mobile 6 Standard SDK (ARMV4I).Deploy.0 = Debug|Windows Mobile 6 Standard SDK (ARMV4I)
		{D388BB43-79D3-4418-9ECE-B9B2D1AA1D29}.Release(WIDCOMM)|Windows Mobile 6 Professional SDK (ARMV4I).ActiveCfg = Release(WIDCOMM)|Windows Mobile 6 Professional SDK (ARMV4I)
		{D388BB43-79D3-4418-9ECE-B9B2D1AA1D29}.Release(WIDCOMM)|Windows Mobile 6 Professional SDK (ARMV4I).Build.0 = Release(WIDCOMM)|Windows Mobile 6 Professional SDK (ARMV4I)
		{D388BB43-79D3-4418-9ECE-B9B2D1AA1D29}.Release(WIDCOMM)|Windows Mobile 6 Professional SDK (ARMV4I).Deploy.0 = Release(WIDCOMM)|Windows Mobile 6 Professional SDK (ARMV4I)
		{D388BB43-79D3-4418-9ECE-B9B2D1AA1D29}.Release(WIDCOMM)|Windows Mobile 6 Standard SDK (ARMV4I).ActiveCfg = Release(WIDCOMM)|Windows Mobile 6 Standard SDK (ARMV4I)
		{D388BB43-79D3-4418-9ECE-B9B2D1AA1D29}.Release(WIDCOMM)|Windows Mobile 6 Standard SDK (ARMV4I).Build.0 = Release(WIDCOMM)|Windows Mobile 6 Standard SDK (ARMV4I)
		{D388BB43-79D3-4418-9ECE-B9B2D1AA1D29}.Release(WIDCOMM)|Windows Mobile 6 Standard SDK (ARMV4I).Deploy.0 = Release(WIDCOMM)|Windows Mobile 6 Standard SDK (ARMV4I)
		{D388BB43-79D3-4418-9ECE-B9B2D1AA1D29}.Release|Windows Mobile 6 Professional SDK (ARMV4I).ActiveCfg = Release|Windows Mobile 6 Professional SDK (ARMV4I)
		{D388BB43-79D3-4418-9ECE-B9B2D1AA1D29}.Release|Windows Mobile 6 Professional SDK (ARMV4I).Build.0 = Release|Windows Mobile 6 Professional SDK (ARMV4I)
		{D388BB43-79D3-4418-9ECE-B9B2D1AA1D29}.Release|Windows Mobile 6 Professional SDK (ARMV4I).Deploy.0 = Release|Windows Mobile 6 Professional SDK (ARMV4I)
		{D388BB43-79D3-4418-9ECE-B9B2D1AA1D29}.Release|Windows Mobile 6 Standard SDK (ARMV4I).ActiveCfg = Release|Windows Mobile 6 Standard SDK (ARMV4I)
		{D388BB43-79D3-4418-9ECE-B9B2D1AA1D29}.Release|Windows Mobile 6 Standard SDK (ARMV4I).Build.0 = Release|Windows Mobile 6 Standard SDK (ARMV4I)
		{D388BB43-79D3-4418-9ECE-B9B2D1AA1D29}.Release|Windows Mobile 6 Standard SDK (ARMV4I).Deploy.0 = Release|Windows Mobile 6 Standard SDK (ARMV4I)
		{B773F037-666C-4730-B1FA-E0192C316541}.Benchmark|Windows Mobile 6 Professional SDK (ARMV4I).ActiveCfg = Benchmark|Windows Mobile 6 Professional SDK (ARMV4I)
		{B773F037-666C-4730-B1FA-E0192C316541}.Benchmark|Windows Mobile 6 Professional SDK (ARMV4I).Build.0 = Benchmark|Windows Mobile 6 Professional SDK (ARMV4I)
		{B773F037-666C-4730-B1FA-E0192C316541}.Benchmark|Windows Mobile 6 Professional SDK (ARMV4I).Deploy.0 = Benchmark|Windows Mobile 6 Professional SDK (ARMV4I)
		{B773F037-666C-4730-B1FA-E0192C316541}.Benchmark|Windows Mobile 6 Standard SDK (ARMV4I).ActiveCfg = Release|Windows Mobile 6 Standard SDK (ARMV4I)
		{B773F037-666C-4730-B1FA-E0192C316541}.Benchmark|Windows Mobile 6 Standard SDK (ARMV4I).Build.0 = Release|Windows Mobile 6 Standard SDK (ARMV4I)
		{B773F037-666C-4730-B1FA-E0192C316541}.Benchmark|Windows Mobile 6 Standard SDK (ARMV4I).Deploy.0 = Release|Windows Mobile 6 Standard SDK (ARMV4I)
		{B773F037-666C-4730-B1FA-E0192C316541}.Debug(WIDCOMM)|Windows Mobile 6 Professional SDK (ARMV4I).ActiveCfg = Debug(WIDCOMM)|Windows Mobile 6 Professional SDK (ARMV4I)
		{B773F037-666C-4730-B1FA-E0192C316541}.Debug(WIDCOMM)|Windows Mobile 6 Professional SDK (ARMV4I).Build.0 = Debug(WIDCOMM)|Windows Mobile 6 Professional SDK (ARMV4I)
		{B773F037-666C-4730-B1FA-E0192C316541}.Debug(WIDCOMM)|Windows Mobile 6 Professional SDK (ARMV4I).Deploy.0 = Debug(WIDCOMM)|Windows Mobile 6 Professional SDK (ARMV4I)
		{B773F037-666C-4730-B1FA-E0192C316541}.Debug(WIDCOMM)|Windows Mobile 6 Standard SDK (ARMV4I).ActiveCfg = Debug(WIDCOMM)|Windows Mobile 6 Standard SDK (ARMV4I)
		{B773F037-666C-4730-B1FA-E0192C316541}.Debug(WIDCOMM)|Windows Mobile 6 Standard SDK (ARMV4I).Build.0 = Debug(WIDCOMM)|Windows Mobile 6 Standard SDK (ARMV4I)
		{B773F037-666C-4730-B1FA-E0192C316541}.Debug(WIDCOMM)|Windows Mobile 6 Standard SDK (ARMV4I).Deploy.0 = Debug(WIDCOMM)|Windows Mobile 6 Standard SDK (ARMV4I)
		{B773F037-666C-4730-B1FA-E0192C316541}.Debug|Windows Mobile 6 Professional SDK (ARMV4I).ActiveCfg = Debug|Windows Mobile 6 Professional SDK (ARMV4I)
		{B773F037-666C-4730-B1FA-E0192C316541}.Debug|Windows Mobile 6 Professional SDK (ARMV4I).Build.0 = Debug|Windows Mobile 6 Professional SDK (ARMV4I)
		{B773F037-666C-4730-B1FA-E0192C316541}.Debug|Windows Mobile 6 Professional SDK (ARMV4I).Deploy.0 = Debug|Windows Mobile 6 Professional SDK (ARMV4I)
		{B773F037-666C-4730-B1FA-E0192C316541}.Debug|Windows Mobile 6 Standard SDK (ARMV4I).ActiveCfg = Debug|Windows Mobile 6 Standard SDK (ARMV4I)
		{B773F037-666C-4730-B1FA-E0192C316541}.Debug|Windows Mobile 6 Standard SDK (ARMV4I).Build.0 = Debug|Windows Mobile 6 Standard SDK (ARMV4I)
		{B773F037-666C-4730-B1FA-E0192C316541}.Debug|Windows Mobile 6 Standard SDK (ARMV4I).Deploy.0 = Debug|Windows Mobile 6 Standard SDK (ARMV4I)
		{B773F037-666C-4730-B1FA-E0192C316541}.Release(WIDCOMM)|Windows Mobile 6 Professional SDK (ARMV4I).ActiveCfg = Release(WIDCOMM)|Windows Mobile 6 Professional SDK (ARMV4I)
		{B773F037-666C-4730-B1FA-E0192C316541}.Release(WIDCOMM)|Windows Mobile 6 Professional SDK (ARMV4I).Build.0 = Release(WIDCOMM)|Windows Mobile 6 Professional SDK (ARMV4I)
		{B773F037-666C-4730-B1FA-E0192C316541}.Release(WIDCOMM)|Windows Mobile 6 Professional SDK (ARMV4I).Deploy.0 = Release(WIDCOMM)|Windows Mobile 6 Professional SDK (ARMV4I)
		{B773F037-666C-4730-B1FA-E0192C316541}.Release(WIDCOMM)|Windows Mobile 6 Standard SDK (ARMV4I).ActiveCfg = Release(WIDCOMM)|Windows Mobile 6 Standard SDK (ARMV4I)
		{B773F037-666C-4730-B1FA-E0192C316541}.Release(WIDCOMM)|Windows Mobile 6 Standard SDK (ARMV4I).Build.0 = Release(WIDCOMM)|Windows Mobile 6 Standard SDK (ARMV4I)
		{B773F037-666C-4730-B1FA-E0192C316541}.Release(WIDCOMM)|Windows Mobile 6 Standard SDK (ARMV4I).Deploy.0 = Release(WIDCOMM)|Windows Mobile 6 Standard SDK (ARMV4I)
		{B773F037-666C-4730-B1FA-E0192C316541}.Release|Windows Mobile 6 Professional SDK (ARMV4I).ActiveCfg = Release|Windows Mobile 6 Professional SDK (ARMV4I)
		{B773F037-666C-4730-B1FA-E0192C316541}.Release|Windows Mobile 6 Professional SDK (ARMV4I).Build.0 = Release|Windows Mobile 6 Professional SDK (ARMV4I)
		{B773F037-666C-4730-B1FA-E0192C316541}.Release|Windows Mobile 6 Professional SDK (ARMV4I).Deploy.0 = Release|Windows Mobile 6 Professional SDK (ARMV4I)
		{B773F037-666C-4730-B1FA-E0192C316541}.Release|Windows Mobile 6 Standard SDK (ARMV4I).ActiveCfg = Release|Windows Mobile 6 Standard SDK (ARMV4I)
		{B773F037-666C-4730-B1FA-E0192C316541}.Release|Windows Mobile 6 Standard SDK (ARMV4I).Build.0 = Release|Windows Mobile 6 Standard SDK (ARMV4I)
		{B773F037-666C-4730-B1FA-E0192C316541}.Release|Windows Mobile 6 Standard SDK (ARMV4I).Deploy.0 = Release|Windows Mobile 6 Standard SDK (ARMV4I)
		{D00F5706-F3D3-4C38-BA2A-BF8BF96F6734}.Benchmark|Windows Mobile 6 Professional SDK (ARMV4I).ActiveCfg = Benchmark|Windows Mobile 6 Professional SDK (ARMV4I)
		{D00F5706-F3D3-4C38-BA2A-BF8BF96F6734}.Benchmark|Windows Mobile 6 Professional SDK (ARMV4I).Build.0 = Benchmark|Windows Mobile 6 Professional SDK (ARMV4I)
		{D00F5706-F3D3-4C38-BA2A-BF8BF96F6734}.Benchmark|Windows Mobile 6 Professional SDK (ARMV4I).Deploy.0 = Benchmark|Windows Mobile 6 Professional SDK (ARMV4I)
		{D00F5706-F3D3-4C38-BA2A-BF8BF96F6734}.Benchmark|Windows Mobile 6 Standard SDK (ARMV4I).ActiveCfg = Release|Windows Mobile 6 Standard SDK (ARMV4I)
		{D00F5706-F3D3-4C38-BA2A-BF8BF96F6734}.Benchmark|Windows Mobile 6 Standard SDK (ARMV4I).Build.0 = Release|Windows Mobile 6 Standard SDK (ARMV4I)
		{D00F5706-F3D3-4C38-BA2A-BF8BF96F6734}.Benchmark|Windows Mobile 6 Standard SDK (ARMV4I).Deploy.0 = Release|Windows Mobile 6 Standard SDK (ARMV4I)
		{D00F5706-F3D3-4C38-BA2A-BF8BF96F6734}.Debug(WIDCOMM)|Windows Mobile 6 Professional SDK (ARMV4I).ActiveCfg = Debug(WIDCOMM)|Windows Mobile 6 Professional SDK (ARMV4I)
		{D00F5706-F3D3-4C38-BA2A-BF8BF96F6734}.Debug(WIDCOMM)|Windows Mobile 6 Professional SDK (ARMV4I).Build.0 = Debug(WIDCOMM)|Windows Mobile 6 Professional SDK (ARMV4I)
		{D00F5706-F3D3-4C38-BA2A-BF8BF96F6734}.Debug(WIDCOMM)|Windows Mobile 6 Professional SDK (ARMV4I).Deploy.0 = Debug(WIDCOMM)|Windows Mobile 6 Professional SDK (ARMV4I)
		{D00F5706-F3D3-4C38-BA2A-BF8BF96F6734}.Debug(WIDCOMM)|Windows Mobile 6 Standard SDK (ARMV4I).ActiveCfg = Debug(WIDCOMM)|Windows Mobile 6 Standard SDK (ARMV4I)
		{D00F5706-F3D3-4C38-BA2A-BF8BF96F6734}.Debug(WIDCOMM)|Windows Mobile 6 Standard SDK (ARMV4I).Build.0 = Debug(WIDCOMM)|Windows Mobile 6 Standard SDK (ARMV4I)
		{D00F5706-F3D3-4C38-BA2A-BF8BF96F6734}.Debug(WIDCOMM)|Windows Mobile 6 Standard SDK (ARMV4I).Deploy.0 = Debug(WIDCOMM)|Windows Mobile 6 Standard SDK (ARMV4I)
		{D00F5706-F3D3-4C38-BA2A-BF8BF96F6734}.Debug|Windows Mobile 6 Professional SDK (ARMV4I).ActiveCfg = Debug|Windows Mobile 6 Professional SDK (ARMV4I)
		{D00F5706-F3D3-4C38-BA2A-BF8BF96F6734}.Debug|Windows Mobile 6 Professional SDK (ARMV4I).Build.0 = Debug|Windows Mobile 6 Professional SDK (ARMV4I)
		{D00F5706-F3D3-4C38-BA2A-BF8BF96F6734}.Debug|Windows Mobile 6 Professional SDK (ARMV4I).Deploy.0 = Debug|Windows Mobile 6 Professional SDK (ARMV4I)
		{D00F5706-F3D3-4C38-BA2A-BF8BF96F6734}.Debug|Windows Mobile 6 Standard SDK (ARMV4I).ActiveCfg = Debug|Windows Mobile 6 Standard SDK (ARMV4I)
		{D00F5706-F3D3-4C38-BA2A-BF8BF96F6734}.Debug|Windows Mobile 6 Standard SDK (ARMV4I).Build.0 = Debug|Windows Mobile 6 Standard SDK (ARMV4I)
		{D00F5706-F3D3-4C38-BA2A-BF8BF96F6734}.Debug|Windows Mobile 6 Standard SDK (ARMV4I).Deploy.0 = Debug|Windows Mobile 6 Standard SDK (ARMV4I)
		{D00F5706-F3D3-4C38-BA2A-BF8BF96F6734}.Release(WIDCOMM)|Windows Mobile 6 Professional SDK (ARMV4I).ActiveCfg = Release(WIDCOMM)|Windows Mobile 6 Professional SDK (ARMV4I)
		{D00F5706-F3D3-4C38-BA2A-BF8BF96F6734}.Release(WIDCOMM)|Windows Mobile 6 Professional SDK (ARMV4I).Build.0 = Release(WIDCOMM)|Windows Mobile 6 Professional SDK (ARMV4I)
		{D00F5706-F3D3-4C38-BA2A-BF8BF96F6734}.Release(WIDCOMM)|Windows Mobile 6 Professional SDK (ARMV4I).Deploy.0 = Release(WIDCOMM)|Windows Mobile 6 Professional SDK (ARMV4I)
		{D00F5706-F3D3-4C38-BA2A-BF8BF96F6734}.Release(WIDCOMM)|Windows Mobile 6 Standard SDK (ARMV4I).ActiveCfg = Release(WIDCOMM)|Windows Mobile 6 Standard SDK (ARMV4I)
		{D00F5706-F3D3-4C38-BA2A-BF8BF96F6734}.Release(WIDCOMM)|Windows Mobile 6 Standard SDK (ARMV4I).Build.0 = Release(WIDCOMM)|Windows Mobile 6 Standard SDK (ARMV4I)
		{D00F5706-F3D3-4C38-BA2A-BF8BF96F6734}.Release(WIDCOMM)|Windows Mobile 6 Standard SDK (ARMV4I).Deploy.0 = Release(WIDCOMM)|Windows Mobile 6 Standard SDK (ARMV4I)
		{D00F5706-F3D3-4C38-BA2A-BF8BF96F6734}.Release|Windows Mobile 6 Professional SDK (ARMV4I).ActiveCfg = Release|Windows Mobile 6 Professional SDK (ARMV4I)
		{D00F5706-F3D3-4C38-BA2A-BF8BF96F6734}.Release|Windows Mobile 6 Professional SDK (ARMV4I).Build.0 = Release|Windows Mobile 6 Professional SDK (ARMV4I)
		{D00F5706-F3D3-4C38-BA2A-BF8BF96F6734}.Release|Windows Mobile 6 Professional SDK (ARMV4I).Deploy.0 = Release|Windows Mobile 6 Professional SDK (ARMV4I)
		{D00F5706-F3D3-4C38-BA2A-BF8BF96F6734}.Release|Windows Mobile 6 Standard SDK (ARMV4I).ActiveCfg = Release|Windows Mobile 6 Standard SDK (ARMV4I)
		{D00F5706-F3D3-4C38-BA2A-BF8BF96F6734}.Release|Windows Mobile 6 Standard SDK (ARMV4I).Build.0 = Release|Windows Mobile 6 Standard SDK (ARMV4I)
		{D00F5706-F3D3-4C38-BA2A-BF8BF96F6734}.Release|Windows Mobile 6 Standard SDK (ARMV4I).Deploy.0 = Release|Windows Mobile 6 Standard SDK (ARMV4I)
		{03458E0B-BD50-4B1A-AA63-59A980ACB60D}.Benchmark|Windows Mobile 6 Professional SDK (ARMV4I).ActiveCfg = Benchmark|Windows Mobile 6 Professional SDK (ARMV4I)
		{03458E0B-BD50-4B1A-AA63-59A980ACB60D}.Benchmark|Windows Mobile 6 Professional SDK (ARMV4I).Build.0 = Benchmark|Windows Mobile 6 Professional SDK (ARMV4I)
		{03458E0B-BD50-4B1A-AA63-59A980ACB60D}.Benchmark|Windows Mobile 6 Professional SDK (ARMV4I).Deploy.0 = Benchmark|Windows Mobile 6 Professional SDK (ARMV4I)
		{03458E0B-BD50-4B1A-AA63-59A980ACB60D}.Benchmark|Windows Mobile 6 Standard SDK (ARMV4I).ActiveCfg = Benchmark|Windows Mobile 6 Standard SDK (ARMV4I)
		{03458E0B-BD50-4B1A-AA63-59A980ACB60D}.Benchmark|Windows Mobile 6 Standard SDK (ARMV4I).Build.0 = Benchmark|Windows Mobile 6 Standard SDK (ARMV4I)
		{03458E0B-BD50-4B1A-AA63-59A980ACB60D}.Benchmark|Windows Mobile 6 Standard SDK (ARMV4I).Deploy.0 = Benchmark|Windows Mobile 6 Standard SDK (ARMV4I)
		{03458E0B-BD50-4B1A-AA63-59A980ACB60D}.Debug(WIDCOMM)|Windows Mobile 6 Professional SDK (ARMV4I).ActiveCfg = Debug(WIDCOMM)|Windows Mobile 6 Professional SDK (ARMV4I)
		{03458E0B-BD50-4B1A-AA63-59A980ACB60D}.Debug(WIDCOMM)|Windows Mobile 6 Professional SDK (ARMV4I).Build.0 = Debug(WIDCOMM)|Windows Mobile 6 Professional SDK (ARMV4I)
		{03458E0B-BD50-4B1A-AA63-59A980ACB60D}.Debug(WIDCOMM)|Windows Mobile 6 Professional SDK (ARMV4I).Deploy.0 = Debug(WIDCOMM)|Windows Mobile 6 Professional SDK (ARMV4I)
		{03458E0B-BD50-4B1A-AA63-59A980ACB60D}.Debug(WIDCOMM)|Windows Mobile 6 Standard SDK (ARMV4I).ActiveCfg = Debug(WIDCOMM)|Windows Mobile 6 Standard SDK (ARMV4I)
		{03458E0B-BD50-4B1A-AA63-59A980ACB60D}.Debug(WIDCOMM)|Windows Mobile 6 Standard SDK (ARMV4I).Build.0 = Debug(WIDCOMM)|Windows Mobile 6 Standard SDK (ARMV4I)
		{03458E0B-BD50-4B1A-AA63-59A980ACB60D}.Debug(WIDCOMM)|Windows Mobile 6 Standard SDK (ARMV4I).Deploy.0 = Debug(WIDCOMM)|Windows Mobile 6 Standard SDK (ARMV4I)
		{03458E0B-BD50-4B1A-AA63-59A980ACB60D}.Debug|Windows Mobile 6 Professional SDK (ARMV4I).ActiveCfg = Debug|Windows Mobile 6 Professional SDK (ARMV4I)
		{03458E0B-BD50-4B1A-AA63-59A980ACB60D}.Debug|Windows Mobile 6 Professional SDK (ARMV4I).Build.0 = Debug|Windows Mobile 6 Professional SDK (ARMV4I)
		{03458E0B-BD50-4B1A-AA63-59A980ACB60D}.Debug|Windows Mobile 6 Professional SDK (ARMV4I).Deploy.0 = Debug|Windows Mobile 6 Professional SDK (ARMV4I)
		{03458E0B-BD50-4B1A-AA63-59A980ACB60D}.Debug|Windows Mobile 6 Standard SDK (ARMV4I).ActiveCfg = Debug|Windows Mobile 6 Standard SDK (ARMV4I)
		{03458E0B-BD50-4B1A-AA63-59A980ACB60D}.Debug|Windows Mobile 6 Standard SDK (ARMV4I).Build.0 = Debug|Windows Mobile 6 Standard SDK (ARMV4I)
		{03458E0B-BD50-4B1A-AA63-59A980ACB60D}.Debug|Windows Mobile 6 Standard SDK (ARMV4I).Deploy.0 = Debug|Windows Mobile 6 Standard SDK (ARMV4I)
		{03458E0B-BD50-4B1A-AA63-59A980ACB60D}.Release(WIDCOMM)|Windows Mobile 6 Professional SDK (ARMV4I).ActiveCfg = Release(WIDCOMM)|Windows Mobile 6 Professional SDK (ARMV4I)
		{03458E0B-BD50-4B1A-AA63-59A980ACB60D}.Release(WIDCOMM)|Windows Mobile 6 Professional SDK (ARMV4I).Build.0 = Release(WIDCOMM)|Windows Mobile 6 Professional SDK (ARMV4I)
		{03458E0B-BD50-4B1A-AA63-59A980ACB60D}.Release(WIDCOMM)|Windows Mobile 6 Professional SDK (ARMV4I).Deploy.0 = Release(WIDCOMM)|Windows Mobile 6 Professional SDK (ARMV4I)
		{03458E0B-BD50-4B1A-AA63-59A980ACB60D}.Release(WIDCOMM)|Windows Mobile 6 Standard SDK (ARMV4I).ActiveCfg = Release(WIDCOMM)|Windows Mobile 6 Standard SDK (ARMV4I)
		{03458E0B-BD50-4B1A-AA63-59A980ACB60D}.Release(WIDCOMM)|Windows Mobile 6 Standard SDK (ARMV4I).Build.0 = Release(WIDCOMM)|Windows Mobile 6 Standard SDK (ARMV4I)
		{03458E0B-BD50-4B1A-AA63-59A980ACB60D}.Release(WIDCOMM)|Windows Mobile 6 Standard SDK (ARMV4I).Deploy.0 = Release(WIDCOMM)|Windows Mobile 6 Standard SDK (ARMV4I)
		{03458E0B-BD50-4B1A-AA63-59A980ACB60D}.Release|Windows Mobile 6 Professional SDK (ARMV4I).ActiveCfg = Release|Windows Mobile 6 Professional SDK (ARMV4I)
		{03458E0B-BD50-4B1A-AA63-59A980ACB60D}.Release|Windows Mobile 6 Professional SDK (ARMV4I).Build.0 = Release|Windows Mobile 6 Professional SDK (ARMV4I)
		{03458E0B-BD50-4B1A-AA63-59A980ACB60D}.Release|Windows Mobile 6 Professional SDK (ARMV4I).Deploy.0 = Release|Windows Mobile 6 Professional SDK (ARMV4I)
		{03458E0B-BD50-4B1A-AA63-59A980ACB60D}.Release|Windows Mobile 6 Standard SDK (ARMV4I).ActiveCfg = Release|Windows Mobile 6 Standard SDK (ARMV4I)
		{03458E0B-BD50-4B1A-AA63-59A980ACB60D}.Release|Windows Mobile 6 Standard SDK (ARMV4I).Build.0 = Release|Windows Mobile 6 Standard SDK (ARMV4I)
		{03458E0B-BD50-4B1A-AA63-59A980ACB60D}.Release|Windows Mobile 6 Standard SDK (ARMV4I).Deploy.0 = Release|Windows Mobile 6 Standard SDK (ARMV4I)
		{7832ADDF-1417-4CB3-AD85-96C065470265}.Benchmark|Windows Mobile 6 Professional SDK (ARMV4I).ActiveCfg = Release|Windows Mobile 6 Professional SDK (ARMV4I)
		{7832ADDF-1417-4CB3-AD85-96C065470265}.Benchmark|Windows Mobile 6 Professional SDK (ARMV4I).Build.0 = Release|Windows Mobile 6 Professional SDK (ARMV4I)
		{7832ADDF-1417-4CB3-AD85-96C065470265}.Benchmark|Windows Mobile 6 Professional SDK (ARMV4I).Deploy.0 = Release|Windows Mobile 6 Professional SDK (ARMV4I)
		{7832ADDF-1417-4CB3-AD85-96C065470265}.Benchmark|Windows Mobile 6 Standard SDK (ARMV4I).ActiveCfg = Release|Windows Mobile 6 Standard SDK (ARMV4I)
		{7832ADDF-1417-4CB3-AD85-96C065470265}.Benchmark|Windows Mobile 6 Standard SDK (ARMV4I).Build.0 = Release|Windows Mobile 6 Standard SDK (ARMV4I)
		{7832ADDF-1417-4CB3-AD85-96C065470265}.Benchmark|Windows Mobile 6 Standard SDK (ARMV4I).Deploy.0 = Release|Windows Mobile 6 Standard SDK (ARMV4I)
		{7832ADDF-1417-4CB3-AD85-96C065470265}.Debug(WIDCOMM)|Windows Mobile 6 Professional SDK (ARMV4I).ActiveCfg = Debug(WIDCOMM)|Windows Mobile 6 Professional SDK (ARMV4I)
		{7832ADDF-1417-4CB3-AD85-96C065470265}.Debug(WIDCOMM)|Windows Mobile 6 Professional SDK (ARMV4I).Build.0 = Debug(WIDCOMM)|Windows Mobile 6 Professional SDK (ARMV4I)
		{7832ADDF-1417-4CB3-AD85-96C065470265}.Debug(WIDCOMM)|Windows Mobile 6 Professional SDK (ARMV4I).Deploy.0 = Debug(WIDCOMM)|Windows Mobile 6 Professional SDK (ARMV4I)
		{7832ADDF-1417-4CB3-AD85-96C065470265}.Debug(WIDCOMM)|Windows Mobile 6 Standard SDK (ARMV4I).ActiveCfg = Debug(WIDCOMM)|Windows Mobile 6 Standard SDK (ARMV4I)
		{7832ADDF-1417-4CB3-AD85-96C065470265}.Debug(WIDCOMM)|Windows Mobile 6 Standard SDK (ARMV4I).Build.0 = Debug(WIDCOMM)|Windows Mobile 6 Standard SDK (ARMV4I)
		{7832ADDF-1417-4CB3-AD85-96C065470265}.Debug(WIDCOMM)|Windows Mobile 6 Standard SDK (ARMV4I).Deploy.0 = Debug(WIDCOMM)|Windows Mobile 6 Standard SDK (ARMV4I)
		{7832ADDF-1417-4CB3-AD85-96C065470265}.Debug|Windows Mobile 6 Professional SDK (ARMV4I).ActiveCfg = Debug|Windows Mobile 6 Professional SDK (ARMV4I)
		{7832ADDF-1417-4CB3-AD85-96C065470265}.Debug|Windows Mobile 6 Professional SDK (ARMV4I).Build.0 = Debug|Windows Mobile 6 Professional SDK (ARMV4I)
		{7832ADDF-1417-4CB3-AD85-96C065470265}.Debug|Windows Mobile 6 Professional SDK (ARMV4I).Deploy.0 = Debug|Windows Mobile 6 Professional SDK (ARMV4I)
		{7832ADDF-1417-4CB3-AD85-96C065470265}.Debug|Windows Mobile 6 Standard SDK (ARMV4I).ActiveCfg = Debug|Windows Mobile 6 Standard SDK (ARMV4I)
		{7832ADDF-1417-4CB3-AD85-96C065470265}.Debug|Windows Mobile 6 Standard SDK (ARMV4I).Build.0 = Debug|Windows Mobile 6 Standard SDK (ARMV4I)
		{7832ADDF-1417-4CB3-AD85-96C065470265}.Debug|Windows Mobile 6 Standard SDK (ARMV4I).Deploy.0 = Debug|Windows Mobile 6 Standard SDK (ARMV4I)
		{7832ADDF-1417-4CB3-AD85-96C065470265}.Release(WIDCOMM)|Windows Mobile 6 Professional SDK (ARMV4I).ActiveCfg = Release(WIDCOMM)|Windows Mobile 6 Professional SDK (ARMV4I)
		{7832ADDF-1417-4CB3-AD85-96C065470265}.Release(WIDCOMM)|Windows Mobile 6 Professional SDK (ARMV4I).Build.0 = Release(WIDCOMM)|Windows Mobile 6 Professional SDK (ARMV4I)
		{7832ADDF-1417-4CB3-AD85-96C065470265}.Release(WIDCOMM)|Windows Mobile 6 Professional SDK (ARMV4I).Deploy.0 = Release(WIDCOMM)|Windows Mobile 6 Professional SDK (ARMV4I)
		{7832ADDF-1417-4CB3-AD85-96C065470265}.Release(WIDCOMM)|Windows Mobile 6 Standard SDK (ARMV4I).ActiveCfg = Release(WIDCOMM)|Windows Mobile 6 Standard SDK (ARMV4I)
		{7832ADDF-1417-4CB3-AD85-96C065470265}.Release(WIDCOMM)|Windows Mobile 6 Standard SDK (ARMV4I).Build.0 = Release(WIDCOMM)|Windows Mobile 6 Standard SDK (ARMV4I)
		{7832ADDF-1417-4CB3-AD85-96C065470265}.Release(WIDCOMM)|Windows Mobile 6 Standard SDK (ARMV4I).Deploy.0 = Release(WIDCOMM)|Windows Mobile 6 Standard SDK (ARMV4I)
		{7832ADDF-1417-4CB3-AD85-96C065470265}.Release|Windows Mobile 6 Professional SDK (ARMV4I).ActiveCfg = Release|Windows Mobile 6 Professional SDK (ARMV4I)
		{7832ADDF-1417-4CB3-AD85-96C065470265}.Release|Windows Mobile 6 Professional SDK (ARMV4I).Build.0 = Release|Windows Mobile 6 Professional SDK (ARMV4I)
		{7832ADDF-1417-4CB3-AD85-96C065470265}.Release|Windows Mobile 6 Professional SDK (ARMV4I).Deploy.0 = Release|Windows Mobile 6 Professional SDK (ARMV4I)
		{7832ADDF-1417-4CB3-AD85-96C065470265}.Release|Windows Mobile 6 Standard SDK (ARMV4I).ActiveCfg = Release|Windows Mobile 6 Standard SDK (ARMV4I)
		{7832ADDF-1417-4CB3-AD85-96C065470265}.Release|Windows Mobile 6 Standard SDK (ARMV4I).Build.0 = Release|Windows Mobile 6 Standard SDK (ARMV4I)
		{7832ADDF-1417-4CB3-AD85-96C065470265}.Release|Windows Mobile 6 Standard SDK (ARMV4I).Deploy.0 = Release|Windows Mobile 6 Standard SDK (ARMV4I)
	EndGlobalSection
	GlobalSection(SolutionProperties) = preSolution
		HideSolutionNode = FALSE
	EndGlobalSection
EndGlobal
