
Microsoft Visual Studio Solution File, Format Version 10.00
# Visual Studio 2008
Project("{8BC9CEB8-8B4A-11D0-8D11-00A0C91BC942}") = "WebServer", "WebServer\WebServer.vcproj", "{59B90297-FA46-4E64-8F22-F73F3F61B58A}"
	ProjectSection(ProjectDependencies) = postProject
		{6A2C2D2E-DED3-4AAE-9B78-CC9E830F62E0} = {6A2C2D2E-DED3-4AAE-9B78-CC9E830F62E0}
	EndProjectSection
EndProject
Project("{8BC9CEB8-8B4A-11D0-8D11-00A0C91BC942}") = "libhaggle", "..\libhaggle\libhaggle\libhaggle.vcproj", "{6A2C2D2E-DED3-4AAE-9B78-CC9E830F62E0}"
	ProjectSection(ProjectDependencies) = postProject
		{37ED795B-9466-4A54-8A31-4192C1ED63A0} = {37ED795B-9466-4A54-8A31-4192C1ED63A0}
	EndProjectSection
EndProject
Project("{8BC9CEB8-8B4A-11D0-8D11-00A0C91BC942}") = "libxml2", "..\libxml2\libxml2\libxml2.vcproj", "{37ED795B-9466-4A54-8A31-4192C1ED63A0}"
EndProject
Global
	GlobalSection(SolutionConfigurationPlatforms) = preSolution
		Debug|Win32 = Debug|Win32
		Release|Win32 = Release|Win32
	EndGlobalSection
	GlobalSection(ProjectConfigurationPlatforms) = postSolution
		{59B90297-FA46-4E64-8F22-F73F3F61B58A}.Debug|Win32.ActiveCfg = Debug|Win32
		{59B90297-FA46-4E64-8F22-F73F3F61B58A}.Debug|Win32.Build.0 = Debug|Win32
		{59B90297-FA46-4E64-8F22-F73F3F61B58A}.Release|Win32.ActiveCfg = Release|Win32
		{59B90297-FA46-4E64-8F22-F73F3F61B58A}.Release|Win32.Build.0 = Release|Win32
		{6A2C2D2E-DED3-4AAE-9B78-CC9E830F62E0}.Debug|Win32.ActiveCfg = Debug|Win32
		{6A2C2D2E-DED3-4AAE-9B78-CC9E830F62E0}.Debug|Win32.Build.0 = Debug|Win32
		{6A2C2D2E-DED3-4AAE-9B78-CC9E830F62E0}.Release|Win32.ActiveCfg = Release|Win32
		{6A2C2D2E-DED3-4AAE-9B78-CC9E830F62E0}.Release|Win32.Build.0 = Release|Win32
		{37ED795B-9466-4A54-8A31-4192C1ED63A0}.Debug|Win32.ActiveCfg = Debug|Win32
		{37ED795B-9466-4A54-8A31-4192C1ED63A0}.Debug|Win32.Build.0 = Debug|Win32
		{37ED795B-9466-4A54-8A31-4192C1ED63A0}.Release|Win32.ActiveCfg = Release|Win32
		{37ED795B-9466-4A54-8A31-4192C1ED63A0}.Release|Win32.Build.0 = Release|Win32
	EndGlobalSection
	GlobalSection(SolutionProperties) = preSolution
		HideSolutionNode = FALSE
	EndGlobalSection
EndGlobal
