
Microsoft Visual Studio Solution File, Format Version 10.00
# Visual Studio 2008
Project("{8BC9CEB8-8B4A-11D0-8D11-00A0C91BC942}") = "MailProxy", "MailProxy.vcproj", "{91C9002E-2EEF-44A6-86DC-61B8F15E4C33}"
	ProjectSection(ProjectDependencies) = postProject
		{D00F5706-F3D3-4C38-BA2A-BF8BF96F6734} = {D00F5706-F3D3-4C38-BA2A-BF8BF96F6734}
		{D388BB43-79D3-4418-9ECE-B9B2D1AA1D29} = {D388BB43-79D3-4418-9ECE-B9B2D1AA1D29}
		{8FFBE2A7-5F27-4A5B-8F55-1F8AEB5A50AA} = {8FFBE2A7-5F27-4A5B-8F55-1F8AEB5A50AA}
	EndProjectSection
EndProject
Project("{8BC9CEB8-8B4A-11D0-8D11-00A0C91BC942}") = "libhaggle", "..\libhaggle\libhaggle.vcproj", "{8FFBE2A7-5F27-4A5B-8F55-1F8AEB5A50AA}"
	ProjectSection(ProjectDependencies) = postProject
		{D00F5706-F3D3-4C38-BA2A-BF8BF96F6734} = {D00F5706-F3D3-4C38-BA2A-BF8BF96F6734}
	EndProjectSection
EndProject
Project("{8BC9CEB8-8B4A-11D0-8D11-00A0C91BC942}") = "libxml2", "..\libxml2\libxml2.vcproj", "{D00F5706-F3D3-4C38-BA2A-BF8BF96F6734}"
EndProject
Project("{8BC9CEB8-8B4A-11D0-8D11-00A0C91BC942}") = "haggleutils", "..\haggleutils\haggleutils.vcproj", "{D388BB43-79D3-4418-9ECE-B9B2D1AA1D29}"
EndProject
Global
	GlobalSection(SolutionConfigurationPlatforms) = preSolution
		Debug|Windows Mobile 6 Professional SDK (ARMV4I) = Debug|Windows Mobile 6 Professional SDK (ARMV4I)
		Debug|Windows Mobile 6 Standard SDK (ARMV4I) = Debug|Windows Mobile 6 Standard SDK (ARMV4I)
		Release|Windows Mobile 6 Professional SDK (ARMV4I) = Release|Windows Mobile 6 Professional SDK (ARMV4I)
		Release|Windows Mobile 6 Standard SDK (ARMV4I) = Release|Windows Mobile 6 Standard SDK (ARMV4I)
	EndGlobalSection
	GlobalSection(ProjectConfigurationPlatforms) = postSolution
		{91C9002E-2EEF-44A6-86DC-61B8F15E4C33}.Debug|Windows Mobile 6 Professional SDK (ARMV4I).ActiveCfg = Debug|Windows Mobile 6 Professional SDK (ARMV4I)
		{91C9002E-2EEF-44A6-86DC-61B8F15E4C33}.Debug|Windows Mobile 6 Professional SDK (ARMV4I).Build.0 = Debug|Windows Mobile 6 Professional SDK (ARMV4I)
		{91C9002E-2EEF-44A6-86DC-61B8F15E4C33}.Debug|Windows Mobile 6 Professional SDK (ARMV4I).Deploy.0 = Debug|Windows Mobile 6 Professional SDK (ARMV4I)
		{91C9002E-2EEF-44A6-86DC-61B8F15E4C33}.Debug|Windows Mobile 6 Standard SDK (ARMV4I).ActiveCfg = Debug|Windows Mobile 6 Standard SDK (ARMV4I)
		{91C9002E-2EEF-44A6-86DC-61B8F15E4C33}.Debug|Windows Mobile 6 Standard SDK (ARMV4I).Build.0 = Debug|Windows Mobile 6 Standard SDK (ARMV4I)
		{91C9002E-2EEF-44A6-86DC-61B8F15E4C33}.Debug|Windows Mobile 6 Standard SDK (ARMV4I).Deploy.0 = Debug|Windows Mobile 6 Standard SDK (ARMV4I)
		{91C9002E-2EEF-44A6-86DC-61B8F15E4C33}.Release|Windows Mobile 6 Professional SDK (ARMV4I).ActiveCfg = Release|Windows Mobile 6 Professional SDK (ARMV4I)
		{91C9002E-2EEF-44A6-86DC-61B8F15E4C33}.Release|Windows Mobile 6 Professional SDK (ARMV4I).Build.0 = Release|Windows Mobile 6 Professional SDK (ARMV4I)
		{91C9002E-2EEF-44A6-86DC-61B8F15E4C33}.Release|Windows Mobile 6 Professional SDK (ARMV4I).Deploy.0 = Release|Windows Mobile 6 Professional SDK (ARMV4I)
		{91C9002E-2EEF-44A6-86DC-61B8F15E4C33}.Release|Windows Mobile 6 Standard SDK (ARMV4I).ActiveCfg = Release|Windows Mobile 6 Standard SDK (ARMV4I)
		{91C9002E-2EEF-44A6-86DC-61B8F15E4C33}.Release|Windows Mobile 6 Standard SDK (ARMV4I).Build.0 = Release|Windows Mobile 6 Standard SDK (ARMV4I)
		{91C9002E-2EEF-44A6-86DC-61B8F15E4C33}.Release|Windows Mobile 6 Standard SDK (ARMV4I).Deploy.0 = Release|Windows Mobile 6 Standard SDK (ARMV4I)
		{8FFBE2A7-5F27-4A5B-8F55-1F8AEB5A50AA}.Debug|Windows Mobile 6 Professional SDK (ARMV4I).ActiveCfg = Debug|Windows Mobile 6 Professional SDK (ARMV4I)
		{8FFBE2A7-5F27-4A5B-8F55-1F8AEB5A50AA}.Debug|Windows Mobile 6 Professional SDK (ARMV4I).Build.0 = Debug|Windows Mobile 6 Professional SDK (ARMV4I)
		{8FFBE2A7-5F27-4A5B-8F55-1F8AEB5A50AA}.Debug|Windows Mobile 6 Professional SDK (ARMV4I).Deploy.0 = Debug|Windows Mobile 6 Professional SDK (ARMV4I)
		{8FFBE2A7-5F27-4A5B-8F55-1F8AEB5A50AA}.Debug|Windows Mobile 6 Standard SDK (ARMV4I).ActiveCfg = Debug|Windows Mobile 6 Standard SDK (ARMV4I)
		{8FFBE2A7-5F27-4A5B-8F55-1F8AEB5A50AA}.Debug|Windows Mobile 6 Standard SDK (ARMV4I).Build.0 = Debug|Windows Mobile 6 Standard SDK (ARMV4I)
		{8FFBE2A7-5F27-4A5B-8F55-1F8AEB5A50AA}.Debug|Windows Mobile 6 Standard SDK (ARMV4I).Deploy.0 = Debug|Windows Mobile 6 Standard SDK (ARMV4I)
		{8FFBE2A7-5F27-4A5B-8F55-1F8AEB5A50AA}.Release|Windows Mobile 6 Professional SDK (ARMV4I).ActiveCfg = Release|Windows Mobile 6 Professional SDK (ARMV4I)
		{8FFBE2A7-5F27-4A5B-8F55-1F8AEB5A50AA}.Release|Windows Mobile 6 Professional SDK (ARMV4I).Build.0 = Release|Windows Mobile 6 Professional SDK (ARMV4I)
		{8FFBE2A7-5F27-4A5B-8F55-1F8AEB5A50AA}.Release|Windows Mobile 6 Professional SDK (ARMV4I).Deploy.0 = Release|Windows Mobile 6 Professional SDK (ARMV4I)
		{8FFBE2A7-5F27-4A5B-8F55-1F8AEB5A50AA}.Release|Windows Mobile 6 Standard SDK (ARMV4I).ActiveCfg = Release|Windows Mobile 6 Standard SDK (ARMV4I)
		{8FFBE2A7-5F27-4A5B-8F55-1F8AEB5A50AA}.Release|Windows Mobile 6 Standard SDK (ARMV4I).Build.0 = Release|Windows Mobile 6 Standard SDK (ARMV4I)
		{8FFBE2A7-5F27-4A5B-8F55-1F8AEB5A50AA}.Release|Windows Mobile 6 Standard SDK (ARMV4I).Deploy.0 = Release|Windows Mobile 6 Standard SDK (ARMV4I)
		{D00F5706-F3D3-4C38-BA2A-BF8BF96F6734}.Debug|Windows Mobile 6 Professional SDK (ARMV4I).ActiveCfg = Debug|Windows Mobile 6 Professional SDK (ARMV4I)
		{D00F5706-F3D3-4C38-BA2A-BF8BF96F6734}.Debug|Windows Mobile 6 Professional SDK (ARMV4I).Build.0 = Debug|Windows Mobile 6 Professional SDK (ARMV4I)
		{D00F5706-F3D3-4C38-BA2A-BF8BF96F6734}.Debug|Windows Mobile 6 Professional SDK (ARMV4I).Deploy.0 = Debug|Windows Mobile 6 Professional SDK (ARMV4I)
		{D00F5706-F3D3-4C38-BA2A-BF8BF96F6734}.Debug|Windows Mobile 6 Standard SDK (ARMV4I).ActiveCfg = Debug|Windows Mobile 6 Standard SDK (ARMV4I)
		{D00F5706-F3D3-4C38-BA2A-BF8BF96F6734}.Debug|Windows Mobile 6 Standard SDK (ARMV4I).Build.0 = Debug|Windows Mobile 6 Standard SDK (ARMV4I)
		{D00F5706-F3D3-4C38-BA2A-BF8BF96F6734}.Debug|Windows Mobile 6 Standard SDK (ARMV4I).Deploy.0 = Debug|Windows Mobile 6 Standard SDK (ARMV4I)
		{D00F5706-F3D3-4C38-BA2A-BF8BF96F6734}.Release|Windows Mobile 6 Professional SDK (ARMV4I).ActiveCfg = Release|Windows Mobile 6 Professional SDK (ARMV4I)
		{D00F5706-F3D3-4C38-BA2A-BF8BF96F6734}.Release|Windows Mobile 6 Professional SDK (ARMV4I).Build.0 = Release|Windows Mobile 6 Professional SDK (ARMV4I)
		{D00F5706-F3D3-4C38-BA2A-BF8BF96F6734}.Release|Windows Mobile 6 Professional SDK (ARMV4I).Deploy.0 = Release|Windows Mobile 6 Professional SDK (ARMV4I)
		{D00F5706-F3D3-4C38-BA2A-BF8BF96F6734}.Release|Windows Mobile 6 Standard SDK (ARMV4I).ActiveCfg = Release|Windows Mobile 6 Standard SDK (ARMV4I)
		{D00F5706-F3D3-4C38-BA2A-BF8BF96F6734}.Release|Windows Mobile 6 Standard SDK (ARMV4I).Build.0 = Release|Windows Mobile 6 Standard SDK (ARMV4I)
		{D00F5706-F3D3-4C38-BA2A-BF8BF96F6734}.Release|Windows Mobile 6 Standard SDK (ARMV4I).Deploy.0 = Release|Windows Mobile 6 Standard SDK (ARMV4I)
		{D388BB43-79D3-4418-9ECE-B9B2D1AA1D29}.Debug|Windows Mobile 6 Professional SDK (ARMV4I).ActiveCfg = Debug|Windows Mobile 6 Professional SDK (ARMV4I)
		{D388BB43-79D3-4418-9ECE-B9B2D1AA1D29}.Debug|Windows Mobile 6 Professional SDK (ARMV4I).Build.0 = Debug|Windows Mobile 6 Professional SDK (ARMV4I)
		{D388BB43-79D3-4418-9ECE-B9B2D1AA1D29}.Debug|Windows Mobile 6 Professional SDK (ARMV4I).Deploy.0 = Debug|Windows Mobile 6 Professional SDK (ARMV4I)
		{D388BB43-79D3-4418-9ECE-B9B2D1AA1D29}.Debug|Windows Mobile 6 Standard SDK (ARMV4I).ActiveCfg = Debug|Windows Mobile 6 Standard SDK (ARMV4I)
		{D388BB43-79D3-4418-9ECE-B9B2D1AA1D29}.Debug|Windows Mobile 6 Standard SDK (ARMV4I).Build.0 = Debug|Windows Mobile 6 Standard SDK (ARMV4I)
		{D388BB43-79D3-4418-9ECE-B9B2D1AA1D29}.Debug|Windows Mobile 6 Standard SDK (ARMV4I).Deploy.0 = Debug|Windows Mobile 6 Standard SDK (ARMV4I)
		{D388BB43-79D3-4418-9ECE-B9B2D1AA1D29}.Release|Windows Mobile 6 Professional SDK (ARMV4I).ActiveCfg = Release|Windows Mobile 6 Professional SDK (ARMV4I)
		{D388BB43-79D3-4418-9ECE-B9B2D1AA1D29}.Release|Windows Mobile 6 Professional SDK (ARMV4I).Build.0 = Release|Windows Mobile 6 Professional SDK (ARMV4I)
		{D388BB43-79D3-4418-9ECE-B9B2D1AA1D29}.Release|Windows Mobile 6 Professional SDK (ARMV4I).Deploy.0 = Release|Windows Mobile 6 Professional SDK (ARMV4I)
		{D388BB43-79D3-4418-9ECE-B9B2D1AA1D29}.Release|Windows Mobile 6 Standard SDK (ARMV4I).ActiveCfg = Release|Windows Mobile 6 Standard SDK (ARMV4I)
		{D388BB43-79D3-4418-9ECE-B9B2D1AA1D29}.Release|Windows Mobile 6 Standard SDK (ARMV4I).Build.0 = Release|Windows Mobile 6 Standard SDK (ARMV4I)
		{D388BB43-79D3-4418-9ECE-B9B2D1AA1D29}.Release|Windows Mobile 6 Standard SDK (ARMV4I).Deploy.0 = Release|Windows Mobile 6 Standard SDK (ARMV4I)
	EndGlobalSection
	GlobalSection(SolutionProperties) = preSolution
		HideSolutionNode = FALSE
	EndGlobalSection
EndGlobal
