
Microsoft Visual Studio Solution File, Format Version 10.00
# Visual Studio 2008
Project("{8BC9CEB8-8B4A-11D0-8D11-00A0C91BC942}") = "testsuite", "testsuite\testsuite.vcproj", "{D927F19C-5D8E-42EC-B297-52D4F01C2561}"
	ProjectSection(ProjectDependencies) = postProject
		{6A2C2D2E-DED3-4AAE-9B78-CC9E830F62E0} = {6A2C2D2E-DED3-4AAE-9B78-CC9E830F62E0}
		{C67C0E3E-AD9A-4C2B-B5F7-876B117A7049} = {C67C0E3E-AD9A-4C2B-B5F7-876B117A7049}
		{06DBFA58-1C3C-498E-9A42-10C3A046E48C} = {06DBFA58-1C3C-498E-9A42-10C3A046E48C}
		{37ED795B-9466-4A54-8A31-4192C1ED63A0} = {37ED795B-9466-4A54-8A31-4192C1ED63A0}
		{0B6CFBC2-AD41-4C95-BB67-CFE3A97593A3} = {0B6CFBC2-AD41-4C95-BB67-CFE3A97593A3}
		{0E2FC2D8-8340-4291-8DC1-59B79CC3A69C} = {0E2FC2D8-8340-4291-8DC1-59B79CC3A69C}
		{417BC9F0-A2B8-48FA-9294-9770532569B7} = {417BC9F0-A2B8-48FA-9294-9770532569B7}
	EndProjectSection
EndProject
Project("{8BC9CEB8-8B4A-11D0-8D11-00A0C91BC942}") = "haggleutils", "..\haggleutils\haggleutils\haggleutils.vcproj", "{0B6CFBC2-AD41-4C95-BB67-CFE3A97593A3}"
	ProjectSection(ProjectDependencies) = postProject
		{C67C0E3E-AD9A-4C2B-B5F7-876B117A7049} = {C67C0E3E-AD9A-4C2B-B5F7-876B117A7049}
	EndProjectSection
EndProject
Project("{8BC9CEB8-8B4A-11D0-8D11-00A0C91BC942}") = "libxml2", "..\libxml2\libxml2\libxml2.vcproj", "{37ED795B-9466-4A54-8A31-4192C1ED63A0}"
EndProject
Project("{8BC9CEB8-8B4A-11D0-8D11-00A0C91BC942}") = "sqlite3", "..\sqlite3\sqlite3\sqlite3.vcproj", "{0E2FC2D8-8340-4291-8DC1-59B79CC3A69C}"
EndProject
Project("{8BC9CEB8-8B4A-11D0-8D11-00A0C91BC942}") = "hagglekernel", "hagglekernel\hagglekernel.vcproj", "{06DBFA58-1C3C-498E-9A42-10C3A046E48C}"
	ProjectSection(ProjectDependencies) = postProject
		{6A2C2D2E-DED3-4AAE-9B78-CC9E830F62E0} = {6A2C2D2E-DED3-4AAE-9B78-CC9E830F62E0}
		{C67C0E3E-AD9A-4C2B-B5F7-876B117A7049} = {C67C0E3E-AD9A-4C2B-B5F7-876B117A7049}
		{37ED795B-9466-4A54-8A31-4192C1ED63A0} = {37ED795B-9466-4A54-8A31-4192C1ED63A0}
		{0B6CFBC2-AD41-4C95-BB67-CFE3A97593A3} = {0B6CFBC2-AD41-4C95-BB67-CFE3A97593A3}
		{0E2FC2D8-8340-4291-8DC1-59B79CC3A69C} = {0E2FC2D8-8340-4291-8DC1-59B79CC3A69C}
		{417BC9F0-A2B8-48FA-9294-9770532569B7} = {417BC9F0-A2B8-48FA-9294-9770532569B7}
	EndProjectSection
EndProject
Project("{8BC9CEB8-8B4A-11D0-8D11-00A0C91BC942}") = "libhaggle", "..\libhaggle\libhaggle\libhaggle.vcproj", "{6A2C2D2E-DED3-4AAE-9B78-CC9E830F62E0}"
	ProjectSection(ProjectDependencies) = postProject
		{37ED795B-9466-4A54-8A31-4192C1ED63A0} = {37ED795B-9466-4A54-8A31-4192C1ED63A0}
		{0B6CFBC2-AD41-4C95-BB67-CFE3A97593A3} = {0B6CFBC2-AD41-4C95-BB67-CFE3A97593A3}
	EndProjectSection
EndProject
Project("{8BC9CEB8-8B4A-11D0-8D11-00A0C91BC942}") = "libcpphaggle", "..\libcpphaggle\libcpphaggle.vcproj", "{417BC9F0-A2B8-48FA-9294-9770532569B7}"
	ProjectSection(ProjectDependencies) = postProject
		{0B6CFBC2-AD41-4C95-BB67-CFE3A97593A3} = {0B6CFBC2-AD41-4C95-BB67-CFE3A97593A3}
	EndProjectSection
EndProject
Project("{8BC9CEB8-8B4A-11D0-8D11-00A0C91BC942}") = "Crypto", "..\OpenSSL\Crypto\Crypto.vcproj", "{C67C0E3E-AD9A-4C2B-B5F7-876B117A7049}"
EndProject
Global
	GlobalSection(SolutionConfigurationPlatforms) = preSolution
		Debug|Win32 = Debug|Win32
		Release|Win32 = Release|Win32
	EndGlobalSection
	GlobalSection(ProjectConfigurationPlatforms) = postSolution
		{D927F19C-5D8E-42EC-B297-52D4F01C2561}.Debug|Win32.ActiveCfg = Debug|Win32
		{D927F19C-5D8E-42EC-B297-52D4F01C2561}.Debug|Win32.Build.0 = Debug|Win32
		{D927F19C-5D8E-42EC-B297-52D4F01C2561}.Release|Win32.ActiveCfg = Release|Win32
		{D927F19C-5D8E-42EC-B297-52D4F01C2561}.Release|Win32.Build.0 = Release|Win32
		{0B6CFBC2-AD41-4C95-BB67-CFE3A97593A3}.Debug|Win32.ActiveCfg = Debug|Win32
		{0B6CFBC2-AD41-4C95-BB67-CFE3A97593A3}.Debug|Win32.Build.0 = Debug|Win32
		{0B6CFBC2-AD41-4C95-BB67-CFE3A97593A3}.Release|Win32.ActiveCfg = Release|Win32
		{0B6CFBC2-AD41-4C95-BB67-CFE3A97593A3}.Release|Win32.Build.0 = Release|Win32
		{37ED795B-9466-4A54-8A31-4192C1ED63A0}.Debug|Win32.ActiveCfg = Debug|Win32
		{37ED795B-9466-4A54-8A31-4192C1ED63A0}.Debug|Win32.Build.0 = Debug|Win32
		{37ED795B-9466-4A54-8A31-4192C1ED63A0}.Release|Win32.ActiveCfg = Release|Win32
		{37ED795B-9466-4A54-8A31-4192C1ED63A0}.Release|Win32.Build.0 = Release|Win32
		{0E2FC2D8-8340-4291-8DC1-59B79CC3A69C}.Debug|Win32.ActiveCfg = Debug|Win32
		{0E2FC2D8-8340-4291-8DC1-59B79CC3A69C}.Debug|Win32.Build.0 = Debug|Win32
		{0E2FC2D8-8340-4291-8DC1-59B79CC3A69C}.Release|Win32.ActiveCfg = Release|Win32
		{0E2FC2D8-8340-4291-8DC1-59B79CC3A69C}.Release|Win32.Build.0 = Release|Win32
		{06DBFA58-1C3C-498E-9A42-10C3A046E48C}.Debug|Win32.ActiveCfg = Debug|Win32
		{06DBFA58-1C3C-498E-9A42-10C3A046E48C}.Debug|Win32.Build.0 = Debug|Win32
		{06DBFA58-1C3C-498E-9A42-10C3A046E48C}.Release|Win32.ActiveCfg = Release|Win32
		{06DBFA58-1C3C-498E-9A42-10C3A046E48C}.Release|Win32.Build.0 = Release|Win32
		{6A2C2D2E-DED3-4AAE-9B78-CC9E830F62E0}.Debug|Win32.ActiveCfg = Debug|Win32
		{6A2C2D2E-DED3-4AAE-9B78-CC9E830F62E0}.Debug|Win32.Build.0 = Debug|Win32
		{6A2C2D2E-DED3-4AAE-9B78-CC9E830F62E0}.Release|Win32.ActiveCfg = Release|Win32
		{6A2C2D2E-DED3-4AAE-9B78-CC9E830F62E0}.Release|Win32.Build.0 = Release|Win32
		{417BC9F0-A2B8-48FA-9294-9770532569B7}.Debug|Win32.ActiveCfg = Debug|Win32
		{417BC9F0-A2B8-48FA-9294-9770532569B7}.Debug|Win32.Build.0 = Debug|Win32
		{417BC9F0-A2B8-48FA-9294-9770532569B7}.Release|Win32.ActiveCfg = Release|Win32
		{417BC9F0-A2B8-48FA-9294-9770532569B7}.Release|Win32.Build.0 = Release|Win32
		{C67C0E3E-AD9A-4C2B-B5F7-876B117A7049}.Debug|Win32.ActiveCfg = Debug|Win32
		{C67C0E3E-AD9A-4C2B-B5F7-876B117A7049}.Debug|Win32.Build.0 = Debug|Win32
		{C67C0E3E-AD9A-4C2B-B5F7-876B117A7049}.Release|Win32.ActiveCfg = Release|Win32
		{C67C0E3E-AD9A-4C2B-B5F7-876B117A7049}.Release|Win32.Build.0 = Release|Win32
	EndGlobalSection
	GlobalSection(SolutionProperties) = preSolution
		HideSolutionNode = FALSE
	EndGlobalSection
EndGlobal
