// !$*UTF8*$!
{
	archiveVersion = 1;
	classes = {
	};
	objectVersion = 45;
	objects = {

/* Begin PBXBuildFile section */
		1DDD58160DA1D0A300B32029 /* MainMenu.xib in Resources */ = {isa = PBXBuildFile; fileRef = 1DDD58140DA1D0A300B32029 /* MainMenu.xib */; };
		396423120EF8E55E000D6650 /* HaggleView.m in Sources */ = {isa = PBXBuildFile; fileRef = 396422E10EF8DEE0000D6650 /* HaggleView.m */; };
		3980E30C0EF7AD5C002EB131 /* 44_projector.jpg in Resources */ = {isa = PBXBuildFile; fileRef = 3980E30A0EF7AD5C002EB131 /* 44_projector.jpg */; };
		3980E30D0EF7AD5C002EB131 /* printer.gif in Resources */ = {isa = PBXBuildFile; fileRef = 3980E30B0EF7AD5C002EB131 /* printer.gif */; };
		3980E5590EF7EB6C002EB131 /* utils.h in Headers */ = {isa = PBXBuildFile; fileRef = 3980E5500EF7EB6C002EB131 /* utils.h */; };
		3980E55A0EF7EB6C002EB131 /* utils.c in Sources */ = {isa = PBXBuildFile; fileRef = 3980E5510EF7EB6C002EB131 /* utils.c */; };
		3980E55E0EF7EB6C002EB131 /* bloomfilter.h in Headers */ = {isa = PBXBuildFile; fileRef = 3980E5550EF7EB6C002EB131 /* bloomfilter.h */; };
		3980E55F0EF7EB6C002EB131 /* bloomfilter.c in Sources */ = {isa = PBXBuildFile; fileRef = 3980E5560EF7EB6C002EB131 /* bloomfilter.c */; };
		3980E5600EF7EB6C002EB131 /* base64.h in Headers */ = {isa = PBXBuildFile; fileRef = 3980E5570EF7EB6C002EB131 /* base64.h */; };
		3980E5610EF7EB6C002EB131 /* base64.c in Sources */ = {isa = PBXBuildFile; fileRef = 3980E5580EF7EB6C002EB131 /* base64.c */; };
		3980E5710EF7EBFF002EB131 /* libutils.a in Frameworks */ = {isa = PBXBuildFile; fileRef = 3980E5470EF7EB4B002EB131 /* libutils.a */; };
		3980E5780EF7EC0C002EB131 /* libxml2.dylib in Frameworks */ = {isa = PBXBuildFile; fileRef = 3980E5360EF7E9DA002EB131 /* libxml2.dylib */; };
		3980E5790EF7EC21002EB131 /* attribute.h in Headers */ = {isa = PBXBuildFile; fileRef = 3980E4F40EF7E96E002EB131 /* attribute.h */; };
		3980E57A0EF7EC21002EB131 /* dataobject.h in Headers */ = {isa = PBXBuildFile; fileRef = 3980E4F50EF7E96E002EB131 /* dataobject.h */; };
		3980E57B0EF7EC21002EB131 /* exports.h in Headers */ = {isa = PBXBuildFile; fileRef = 3980E4F60EF7E96E002EB131 /* exports.h */; };
		3980E57C0EF7EC21002EB131 /* haggle.h in Headers */ = {isa = PBXBuildFile; fileRef = 3980E4F70EF7E96E002EB131 /* haggle.h */; };
		3980E57D0EF7EC21002EB131 /* interface.h in Headers */ = {isa = PBXBuildFile; fileRef = 3980E4F80EF7E96E002EB131 /* interface.h */; };
		3980E57E0EF7EC21002EB131 /* ipc.h in Headers */ = {isa = PBXBuildFile; fileRef = 3980E4F90EF7E96E002EB131 /* ipc.h */; };
		3980E57F0EF7EC21002EB131 /* list.h in Headers */ = {isa = PBXBuildFile; fileRef = 3980E4FA0EF7E96E002EB131 /* list.h */; };
		3980E5800EF7EC21002EB131 /* node.h in Headers */ = {isa = PBXBuildFile; fileRef = 3980E4FB0EF7E96E002EB131 /* node.h */; };
		3980E5810EF7EC21002EB131 /* platform.h in Headers */ = {isa = PBXBuildFile; fileRef = 3980E4FC0EF7E96E002EB131 /* platform.h */; };
		3980E5820EF7EC21002EB131 /* platform.c in Sources */ = {isa = PBXBuildFile; fileRef = 3980E4EE0EF7E96E002EB131 /* platform.c */; };
		3980E5830EF7EC21002EB131 /* node.c in Sources */ = {isa = PBXBuildFile; fileRef = 3980E4EF0EF7E96E002EB131 /* node.c */; };
		3980E5840EF7EC21002EB131 /* ipc.c in Sources */ = {isa = PBXBuildFile; fileRef = 3980E4F00EF7E96E002EB131 /* ipc.c */; };
		3980E5850EF7EC21002EB131 /* interface.c in Sources */ = {isa = PBXBuildFile; fileRef = 3980E4F10EF7E96E002EB131 /* interface.c */; };
		3980E5860EF7EC21002EB131 /* debug.h in Headers */ = {isa = PBXBuildFile; fileRef = 3980E4FD0EF7E96E002EB131 /* debug.h */; };
		3980E5870EF7EC21002EB131 /* debug.c in Sources */ = {isa = PBXBuildFile; fileRef = 3980E4FE0EF7E96E002EB131 /* debug.c */; };
		3980E5880EF7EC21002EB131 /* dataobject.c in Sources */ = {isa = PBXBuildFile; fileRef = 3980E4FF0EF7E96E002EB131 /* dataobject.c */; };
		3980E5890EF7EC21002EB131 /* base64.h in Headers */ = {isa = PBXBuildFile; fileRef = 3980E5000EF7E96E002EB131 /* base64.h */; };
		3980E58A0EF7EC21002EB131 /* base64.c in Sources */ = {isa = PBXBuildFile; fileRef = 3980E5010EF7E96E002EB131 /* base64.c */; };
		3980E58B0EF7EC21002EB131 /* attribute.c in Sources */ = {isa = PBXBuildFile; fileRef = 3980E5020EF7E96E002EB131 /* attribute.c */; };
		3980E5910EF7EC2D002EB131 /* liblibhaggle.dylib in Frameworks */ = {isa = PBXBuildFile; fileRef = 3980E56C0EF7EBF4002EB131 /* liblibhaggle.dylib */; };
		8D11072B0486CEB800E47090 /* InfoPlist.strings in Resources */ = {isa = PBXBuildFile; fileRef = 089C165CFE840E0CC02AAC07 /* InfoPlist.strings */; };
		8D11072D0486CEB800E47090 /* main.m in Sources */ = {isa = PBXBuildFile; fileRef = 29B97316FDCFA39411CA2CEA /* main.m */; settings = {ATTRIBUTES = (); }; };
		8D11072F0486CEB800E47090 /* Cocoa.framework in Frameworks */ = {isa = PBXBuildFile; fileRef = 1058C7A1FEA54F0111CA2CBB /* Cocoa.framework */; };
		D32B22871019C34800132931 /* counting_bloomfilter.c in Sources */ = {isa = PBXBuildFile; fileRef = D32B22841019C34800132931 /* counting_bloomfilter.c */; };
		D32B22881019C34800132931 /* counting_bloomfilter.h in Headers */ = {isa = PBXBuildFile; fileRef = D32B22851019C34800132931 /* counting_bloomfilter.h */; };
		D32B22891019C34800132931 /* haggleutils.h in Headers */ = {isa = PBXBuildFile; fileRef = D32B22861019C34800132931 /* haggleutils.h */; };
		D32B22A81019C3A500132931 /* metadata.c in Sources */ = {isa = PBXBuildFile; fileRef = D32B22A11019C3A500132931 /* metadata.c */; };
		D32B22A91019C3A500132931 /* metadata.h in Headers */ = {isa = PBXBuildFile; fileRef = D32B22A21019C3A500132931 /* metadata.h */; };
		D32B22AA1019C3A500132931 /* metadata_xml.c in Sources */ = {isa = PBXBuildFile; fileRef = D32B22A31019C3A500132931 /* metadata_xml.c */; };
		D32B22AB1019C3A500132931 /* metadata_xml.h in Headers */ = {isa = PBXBuildFile; fileRef = D32B22A41019C3A500132931 /* metadata_xml.h */; };
		D32B22AC1019C3A500132931 /* sha1.c in Sources */ = {isa = PBXBuildFile; fileRef = D32B22A51019C3A500132931 /* sha1.c */; };
		D32B22AD1019C3A500132931 /* sha1.h in Headers */ = {isa = PBXBuildFile; fileRef = D32B22A61019C3A500132931 /* sha1.h */; };
		D32B22AE1019C3A500132931 /* sha1_private.h in Headers */ = {isa = PBXBuildFile; fileRef = D32B22A71019C3A500132931 /* sha1_private.h */; };
/* End PBXBuildFile section */

/* Begin PBXContainerItemProxy section */
		3980E56F0EF7EBFB002EB131 /* PBXContainerItemProxy */ = {
			isa = PBXContainerItemProxy;
			containerPortal = 29B97313FDCFA39411CA2CEA /* Project object */;
			proxyType = 1;
			remoteGlobalIDString = 3980E5460EF7EB4B002EB131;
			remoteInfo = utils;
		};
		3980E5920EF7EC30002EB131 /* PBXContainerItemProxy */ = {
			isa = PBXContainerItemProxy;
			containerPortal = 29B97313FDCFA39411CA2CEA /* Project object */;
			proxyType = 1;
			remoteGlobalIDString = 3980E56B0EF7EBF4002EB131;
			remoteInfo = libhaggle;
		};
		D32B22AF1019C3AF00132931 /* PBXContainerItemProxy */ = {
			isa = PBXContainerItemProxy;
			containerPortal = 29B97313FDCFA39411CA2CEA /* Project object */;
			proxyType = 1;
			remoteGlobalIDString = 3980E5460EF7EB4B002EB131 /* utils */;
			remoteInfo = utils;
		};
/* End PBXContainerItemProxy section */

/* Begin PBXFileReference section */
		089C165DFE840E0CC02AAC07 /* English */ = {isa = PBXFileReference; fileEncoding = 10; lastKnownFileType = text.plist.strings; name = English; path = English.lproj/InfoPlist.strings; sourceTree = "<group>"; };
		1058C7A1FEA54F0111CA2CBB /* Cocoa.framework */ = {isa = PBXFileReference; lastKnownFileType = wrapper.framework; name = Cocoa.framework; path = /System/Library/Frameworks/Cocoa.framework; sourceTree = "<absolute>"; };
		13E42FB307B3F0F600E4EEF1 /* CoreData.framework */ = {isa = PBXFileReference; lastKnownFileType = wrapper.framework; name = CoreData.framework; path = /System/Library/Frameworks/CoreData.framework; sourceTree = "<absolute>"; };
		1DDD58150DA1D0A300B32029 /* English */ = {isa = PBXFileReference; lastKnownFileType = file.xib; name = English; path = English.lproj/MainMenu.xib; sourceTree = "<group>"; };
		29B97316FDCFA39411CA2CEA /* main.m */ = {isa = PBXFileReference; fileEncoding = 4; lastKnownFileType = sourcecode.c.objc; path = main.m; sourceTree = "<group>"; };
		29B97324FDCFA39411CA2CEA /* AppKit.framework */ = {isa = PBXFileReference; lastKnownFileType = wrapper.framework; name = AppKit.framework; path = /System/Library/Frameworks/AppKit.framework; sourceTree = "<absolute>"; };
		29B97325FDCFA39411CA2CEA /* Foundation.framework */ = {isa = PBXFileReference; lastKnownFileType = wrapper.framework; name = Foundation.framework; path = /System/Library/Frameworks/Foundation.framework; sourceTree = "<absolute>"; };
		32CA4F630368D1EE00C91783 /* HagglePut_Prefix.pch */ = {isa = PBXFileReference; fileEncoding = 4; lastKnownFileType = sourcecode.c.h; path = HagglePut_Prefix.pch; sourceTree = "<group>"; };
		396422E00EF8DEE0000D6650 /* HaggleView.h */ = {isa = PBXFileReference; fileEncoding = 4; lastKnownFileType = sourcecode.c.h; path = HaggleView.h; sourceTree = "<group>"; };
		396422E10EF8DEE0000D6650 /* HaggleView.m */ = {isa = PBXFileReference; fileEncoding = 4; lastKnownFileType = sourcecode.c.objc; path = HaggleView.m; sourceTree = "<group>"; };
		3980E30A0EF7AD5C002EB131 /* 44_projector.jpg */ = {isa = PBXFileReference; lastKnownFileType = image.jpeg; path = 44_projector.jpg; sourceTree = "<group>"; };
		3980E30B0EF7AD5C002EB131 /* printer.gif */ = {isa = PBXFileReference; lastKnownFileType = image.gif; path = printer.gif; sourceTree = "<group>"; };
		3980E4EE0EF7E96E002EB131 /* platform.c */ = {isa = PBXFileReference; fileEncoding = 4; lastKnownFileType = sourcecode.c.c; name = platform.c; path = ../../src/libhaggle/platform.c; sourceTree = SOURCE_ROOT; };
		3980E4EF0EF7E96E002EB131 /* node.c */ = {isa = PBXFileReference; fileEncoding = 4; lastKnownFileType = sourcecode.c.c; name = node.c; path = ../../src/libhaggle/node.c; sourceTree = SOURCE_ROOT; };
		3980E4F00EF7E96E002EB131 /* ipc.c */ = {isa = PBXFileReference; fileEncoding = 4; lastKnownFileType = sourcecode.c.c; name = ipc.c; path = ../../src/libhaggle/ipc.c; sourceTree = SOURCE_ROOT; };
		3980E4F10EF7E96E002EB131 /* interface.c */ = {isa = PBXFileReference; fileEncoding = 4; lastKnownFileType = sourcecode.c.c; name = interface.c; path = ../../src/libhaggle/interface.c; sourceTree = SOURCE_ROOT; };
		3980E4F40EF7E96E002EB131 /* attribute.h */ = {isa = PBXFileReference; fileEncoding = 4; lastKnownFileType = sourcecode.c.h; name = attribute.h; path = ../../src/libhaggle/include/libhaggle/attribute.h; sourceTree = "<group>"; };
		3980E4F50EF7E96E002EB131 /* dataobject.h */ = {isa = PBXFileReference; fileEncoding = 4; lastKnownFileType = sourcecode.c.h; name = dataobject.h; path = ../../src/libhaggle/include/libhaggle/dataobject.h; sourceTree = "<group>"; };
		3980E4F60EF7E96E002EB131 /* exports.h */ = {isa = PBXFileReference; fileEncoding = 4; lastKnownFileType = sourcecode.c.h; name = exports.h; path = ../../src/libhaggle/include/libhaggle/exports.h; sourceTree = "<group>"; };
		3980E4F70EF7E96E002EB131 /* haggle.h */ = {isa = PBXFileReference; fileEncoding = 4; lastKnownFileType = sourcecode.c.h; name = haggle.h; path = ../../src/libhaggle/include/libhaggle/haggle.h; sourceTree = "<group>"; };
		3980E4F80EF7E96E002EB131 /* interface.h */ = {isa = PBXFileReference; fileEncoding = 4; lastKnownFileType = sourcecode.c.h; name = interface.h; path = ../../src/libhaggle/include/libhaggle/interface.h; sourceTree = "<group>"; };
		3980E4F90EF7E96E002EB131 /* ipc.h */ = {isa = PBXFileReference; fileEncoding = 4; lastKnownFileType = sourcecode.c.h; name = ipc.h; path = ../../src/libhaggle/include/libhaggle/ipc.h; sourceTree = "<group>"; };
		3980E4FA0EF7E96E002EB131 /* list.h */ = {isa = PBXFileReference; fileEncoding = 4; lastKnownFileType = sourcecode.c.h; name = list.h; path = ../../src/libhaggle/include/libhaggle/list.h; sourceTree = "<group>"; };
		3980E4FB0EF7E96E002EB131 /* node.h */ = {isa = PBXFileReference; fileEncoding = 4; lastKnownFileType = sourcecode.c.h; name = node.h; path = ../../src/libhaggle/include/libhaggle/node.h; sourceTree = "<group>"; };
		3980E4FC0EF7E96E002EB131 /* platform.h */ = {isa = PBXFileReference; fileEncoding = 4; lastKnownFileType = sourcecode.c.h; name = platform.h; path = ../../src/libhaggle/include/libhaggle/platform.h; sourceTree = "<group>"; };
		3980E4FD0EF7E96E002EB131 /* debug.h */ = {isa = PBXFileReference; fileEncoding = 4; lastKnownFileType = sourcecode.c.h; name = debug.h; path = ../../src/libhaggle/debug.h; sourceTree = SOURCE_ROOT; };
		3980E4FE0EF7E96E002EB131 /* debug.c */ = {isa = PBXFileReference; fileEncoding = 4; lastKnownFileType = sourcecode.c.c; name = debug.c; path = ../../src/libhaggle/debug.c; sourceTree = SOURCE_ROOT; };
		3980E4FF0EF7E96E002EB131 /* dataobject.c */ = {isa = PBXFileReference; fileEncoding = 4; lastKnownFileType = sourcecode.c.c; name = dataobject.c; path = ../../src/libhaggle/dataobject.c; sourceTree = SOURCE_ROOT; };
		3980E5000EF7E96E002EB131 /* base64.h */ = {isa = PBXFileReference; fileEncoding = 4; lastKnownFileType = sourcecode.c.h; name = base64.h; path = ../../src/libhaggle/base64.h; sourceTree = SOURCE_ROOT; };
		3980E5010EF7E96E002EB131 /* base64.c */ = {isa = PBXFileReference; fileEncoding = 4; lastKnownFileType = sourcecode.c.c; name = base64.c; path = ../../src/libhaggle/base64.c; sourceTree = SOURCE_ROOT; };
		3980E5020EF7E96E002EB131 /* attribute.c */ = {isa = PBXFileReference; fileEncoding = 4; lastKnownFileType = sourcecode.c.c; name = attribute.c; path = ../../src/libhaggle/attribute.c; sourceTree = SOURCE_ROOT; };
		3980E5360EF7E9DA002EB131 /* libxml2.dylib */ = {isa = PBXFileReference; lastKnownFileType = "compiled.mach-o.dylib"; name = libxml2.dylib; path = usr/lib/libxml2.dylib; sourceTree = SDKROOT; };
		3980E5470EF7EB4B002EB131 /* libutils.a */ = {isa = PBXFileReference; explicitFileType = archive.ar; includeInIndex = 0; path = libutils.a; sourceTree = BUILT_PRODUCTS_DIR; };
		3980E5500EF7EB6C002EB131 /* utils.h */ = {isa = PBXFileReference; fileEncoding = 4; lastKnownFileType = sourcecode.c.h; name = utils.h; path = ../../src/utils/utils.h; sourceTree = SOURCE_ROOT; };
		3980E5510EF7EB6C002EB131 /* utils.c */ = {isa = PBXFileReference; fileEncoding = 4; lastKnownFileType = sourcecode.c.c; name = utils.c; path = ../../src/utils/utils.c; sourceTree = SOURCE_ROOT; };
		3980E5550EF7EB6C002EB131 /* bloomfilter.h */ = {isa = PBXFileReference; fileEncoding = 4; lastKnownFileType = sourcecode.c.h; name = bloomfilter.h; path = ../../src/utils/bloomfilter.h; sourceTree = SOURCE_ROOT; };
		3980E5560EF7EB6C002EB131 /* bloomfilter.c */ = {isa = PBXFileReference; fileEncoding = 4; lastKnownFileType = sourcecode.c.c; name = bloomfilter.c; path = ../../src/utils/bloomfilter.c; sourceTree = SOURCE_ROOT; };
		3980E5570EF7EB6C002EB131 /* base64.h */ = {isa = PBXFileReference; fileEncoding = 4; lastKnownFileType = sourcecode.c.h; name = base64.h; path = ../../src/utils/base64.h; sourceTree = SOURCE_ROOT; };
		3980E5580EF7EB6C002EB131 /* base64.c */ = {isa = PBXFileReference; fileEncoding = 4; lastKnownFileType = sourcecode.c.c; name = base64.c; path = ../../src/utils/base64.c; sourceTree = SOURCE_ROOT; };
		3980E56C0EF7EBF4002EB131 /* liblibhaggle.dylib */ = {isa = PBXFileReference; explicitFileType = "compiled.mach-o.dylib"; includeInIndex = 0; path = liblibhaggle.dylib; sourceTree = BUILT_PRODUCTS_DIR; };
		8D1107310486CEB800E47090 /* Info.plist */ = {isa = PBXFileReference; fileEncoding = 4; lastKnownFileType = text.plist.xml; path = Info.plist; sourceTree = "<group>"; };
		8D1107320486CEB800E47090 /* HagglePut.app */ = {isa = PBXFileReference; explicitFileType = wrapper.application; includeInIndex = 0; path = HagglePut.app; sourceTree = BUILT_PRODUCTS_DIR; };
		D32B22841019C34800132931 /* counting_bloomfilter.c */ = {isa = PBXFileReference; fileEncoding = 4; lastKnownFileType = sourcecode.c.c; name = counting_bloomfilter.c; path = ../../src/utils/counting_bloomfilter.c; sourceTree = SOURCE_ROOT; };
		D32B22851019C34800132931 /* counting_bloomfilter.h */ = {isa = PBXFileReference; fileEncoding = 4; lastKnownFileType = sourcecode.c.h; name = counting_bloomfilter.h; path = ../../src/utils/counting_bloomfilter.h; sourceTree = SOURCE_ROOT; };
		D32B22861019C34800132931 /* haggleutils.h */ = {isa = PBXFileReference; fileEncoding = 4; lastKnownFileType = sourcecode.c.h; name = haggleutils.h; path = ../../src/utils/haggleutils.h; sourceTree = SOURCE_ROOT; };
		D32B22A11019C3A500132931 /* metadata.c */ = {isa = PBXFileReference; fileEncoding = 4; lastKnownFileType = sourcecode.c.c; name = metadata.c; path = ../../src/libhaggle/metadata.c; sourceTree = SOURCE_ROOT; };
		D32B22A21019C3A500132931 /* metadata.h */ = {isa = PBXFileReference; fileEncoding = 4; lastKnownFileType = sourcecode.c.h; name = metadata.h; path = ../../src/libhaggle/metadata.h; sourceTree = SOURCE_ROOT; };
		D32B22A31019C3A500132931 /* metadata_xml.c */ = {isa = PBXFileReference; fileEncoding = 4; lastKnownFileType = sourcecode.c.c; name = metadata_xml.c; path = ../../src/libhaggle/metadata_xml.c; sourceTree = SOURCE_ROOT; };
		D32B22A41019C3A500132931 /* metadata_xml.h */ = {isa = PBXFileReference; fileEncoding = 4; lastKnownFileType = sourcecode.c.h; name = metadata_xml.h; path = ../../src/libhaggle/metadata_xml.h; sourceTree = SOURCE_ROOT; };
		D32B22A51019C3A500132931 /* sha1.c */ = {isa = PBXFileReference; fileEncoding = 4; lastKnownFileType = sourcecode.c.c; name = sha1.c; path = ../../src/libhaggle/sha1.c; sourceTree = SOURCE_ROOT; };
		D32B22A61019C3A500132931 /* sha1.h */ = {isa = PBXFileReference; fileEncoding = 4; lastKnownFileType = sourcecode.c.h; name = sha1.h; path = ../../src/libhaggle/sha1.h; sourceTree = SOURCE_ROOT; };
		D32B22A71019C3A500132931 /* sha1_private.h */ = {isa = PBXFileReference; fileEncoding = 4; lastKnownFileType = sourcecode.c.h; name = sha1_private.h; path = ../../src/libhaggle/sha1_private.h; sourceTree = SOURCE_ROOT; };
/* End PBXFileReference section */

/* Begin PBXFrameworksBuildPhase section */
		3980E5450EF7EB4B002EB131 /* Frameworks */ = {
			isa = PBXFrameworksBuildPhase;
			buildActionMask = 2147483647;
			files = (
			);
			runOnlyForDeploymentPostprocessing = 0;
		};
		3980E56A0EF7EBF4002EB131 /* Frameworks */ = {
			isa = PBXFrameworksBuildPhase;
			buildActionMask = 2147483647;
			files = (
				3980E5780EF7EC0C002EB131 /* libxml2.dylib in Frameworks */,
				3980E5710EF7EBFF002EB131 /* libutils.a in Frameworks */,
			);
			runOnlyForDeploymentPostprocessing = 0;
		};
		8D11072E0486CEB800E47090 /* Frameworks */ = {
			isa = PBXFrameworksBuildPhase;
			buildActionMask = 2147483647;
			files = (
				3980E5910EF7EC2D002EB131 /* liblibhaggle.dylib in Frameworks */,
				8D11072F0486CEB800E47090 /* Cocoa.framework in Frameworks */,
			);
			runOnlyForDeploymentPostprocessing = 0;
		};
/* End PBXFrameworksBuildPhase section */

/* Begin PBXGroup section */
		080E96DDFE201D6D7F000001 /* Classes */ = {
			isa = PBXGroup;
			children = (
				396422E00EF8DEE0000D6650 /* HaggleView.h */,
				396422E10EF8DEE0000D6650 /* HaggleView.m */,
			);
			name = Classes;
			sourceTree = "<group>";
		};
		1058C7A0FEA54F0111CA2CBB /* Linked Frameworks */ = {
			isa = PBXGroup;
			children = (
				3980E5360EF7E9DA002EB131 /* libxml2.dylib */,
				1058C7A1FEA54F0111CA2CBB /* Cocoa.framework */,
			);
			name = "Linked Frameworks";
			sourceTree = "<group>";
		};
		1058C7A2FEA54F0111CA2CBB /* Other Frameworks */ = {
			isa = PBXGroup;
			children = (
				29B97324FDCFA39411CA2CEA /* AppKit.framework */,
				13E42FB307B3F0F600E4EEF1 /* CoreData.framework */,
				29B97325FDCFA39411CA2CEA /* Foundation.framework */,
			);
			name = "Other Frameworks";
			sourceTree = "<group>";
		};
		19C28FACFE9D520D11CA2CBB /* Products */ = {
			isa = PBXGroup;
			children = (
				8D1107320486CEB800E47090 /* HagglePut.app */,
				3980E5470EF7EB4B002EB131 /* libutils.a */,
				3980E56C0EF7EBF4002EB131 /* liblibhaggle.dylib */,
			);
			name = Products;
			sourceTree = "<group>";
		};
		29B97314FDCFA39411CA2CEA /* HagglePut */ = {
			isa = PBXGroup;
			children = (
				3980E54F0EF7EB5D002EB131 /* utils */,
				3980E5160EF7E972002EB131 /* libhaggle */,
				080E96DDFE201D6D7F000001 /* Classes */,
				29B97315FDCFA39411CA2CEA /* Other Sources */,
				29B97317FDCFA39411CA2CEA /* Resources */,
				29B97323FDCFA39411CA2CEA /* Frameworks */,
				19C28FACFE9D520D11CA2CBB /* Products */,
			);
			name = HagglePut;
			sourceTree = "<group>";
		};
		29B97315FDCFA39411CA2CEA /* Other Sources */ = {
			isa = PBXGroup;
			children = (
				32CA4F630368D1EE00C91783 /* HagglePut_Prefix.pch */,
				29B97316FDCFA39411CA2CEA /* main.m */,
			);
			name = "Other Sources";
			sourceTree = "<group>";
		};
		29B97317FDCFA39411CA2CEA /* Resources */ = {
			isa = PBXGroup;
			children = (
				3980E30A0EF7AD5C002EB131 /* 44_projector.jpg */,
				3980E30B0EF7AD5C002EB131 /* printer.gif */,
				8D1107310486CEB800E47090 /* Info.plist */,
				089C165CFE840E0CC02AAC07 /* InfoPlist.strings */,
				1DDD58140DA1D0A300B32029 /* MainMenu.xib */,
			);
			name = Resources;
			sourceTree = "<group>";
		};
		29B97323FDCFA39411CA2CEA /* Frameworks */ = {
			isa = PBXGroup;
			children = (
				1058C7A0FEA54F0111CA2CBB /* Linked Frameworks */,
				1058C7A2FEA54F0111CA2CBB /* Other Frameworks */,
			);
			name = Frameworks;
			sourceTree = "<group>";
		};
		3980E5160EF7E972002EB131 /* libhaggle */ = {
			isa = PBXGroup;
			children = (
				D32B22A11019C3A500132931 /* metadata.c */,
				D32B22A21019C3A500132931 /* metadata.h */,
				D32B22A31019C3A500132931 /* metadata_xml.c */,
				D32B22A41019C3A500132931 /* metadata_xml.h */,
				D32B22A51019C3A500132931 /* sha1.c */,
				D32B22A61019C3A500132931 /* sha1.h */,
				D32B22A71019C3A500132931 /* sha1_private.h */,
				3980E4F40EF7E96E002EB131 /* attribute.h */,
				3980E4F50EF7E96E002EB131 /* dataobject.h */,
				3980E4F60EF7E96E002EB131 /* exports.h */,
				3980E4F70EF7E96E002EB131 /* haggle.h */,
				3980E4F80EF7E96E002EB131 /* interface.h */,
				3980E4F90EF7E96E002EB131 /* ipc.h */,
				3980E4FA0EF7E96E002EB131 /* list.h */,
				3980E4FB0EF7E96E002EB131 /* node.h */,
				3980E4FC0EF7E96E002EB131 /* platform.h */,
				3980E4EE0EF7E96E002EB131 /* platform.c */,
				3980E4EF0EF7E96E002EB131 /* node.c */,
				3980E4F00EF7E96E002EB131 /* ipc.c */,
				3980E4F10EF7E96E002EB131 /* interface.c */,
				3980E4FD0EF7E96E002EB131 /* debug.h */,
				3980E4FE0EF7E96E002EB131 /* debug.c */,
				3980E4FF0EF7E96E002EB131 /* dataobject.c */,
				3980E5000EF7E96E002EB131 /* base64.h */,
				3980E5010EF7E96E002EB131 /* base64.c */,
				3980E5020EF7E96E002EB131 /* attribute.c */,
			);
			name = libhaggle;
			sourceTree = "<group>";
		};
		3980E54F0EF7EB5D002EB131 /* utils */ = {
			isa = PBXGroup;
			children = (
				D32B22841019C34800132931 /* counting_bloomfilter.c */,
				D32B22851019C34800132931 /* counting_bloomfilter.h */,
				D32B22861019C34800132931 /* haggleutils.h */,
				3980E5500EF7EB6C002EB131 /* utils.h */,
				3980E5510EF7EB6C002EB131 /* utils.c */,
				3980E5550EF7EB6C002EB131 /* bloomfilter.h */,
				3980E5560EF7EB6C002EB131 /* bloomfilter.c */,
				3980E5570EF7EB6C002EB131 /* base64.h */,
				3980E5580EF7EB6C002EB131 /* base64.c */,
			);
			name = utils;
			sourceTree = "<group>";
		};
/* End PBXGroup section */

/* Begin PBXHeadersBuildPhase section */
		3980E5430EF7EB4B002EB131 /* Headers */ = {
			isa = PBXHeadersBuildPhase;
			buildActionMask = 2147483647;
			files = (
				3980E5590EF7EB6C002EB131 /* utils.h in Headers */,
				3980E55E0EF7EB6C002EB131 /* bloomfilter.h in Headers */,
				3980E5600EF7EB6C002EB131 /* base64.h in Headers */,
				D32B22881019C34800132931 /* counting_bloomfilter.h in Headers */,
				D32B22891019C34800132931 /* haggleutils.h in Headers */,
			);
			runOnlyForDeploymentPostprocessing = 0;
		};
		3980E5680EF7EBF4002EB131 /* Headers */ = {
			isa = PBXHeadersBuildPhase;
			buildActionMask = 2147483647;
			files = (
				3980E5790EF7EC21002EB131 /* attribute.h in Headers */,
				3980E57A0EF7EC21002EB131 /* dataobject.h in Headers */,
				3980E57B0EF7EC21002EB131 /* exports.h in Headers */,
				3980E57C0EF7EC21002EB131 /* haggle.h in Headers */,
				3980E57D0EF7EC21002EB131 /* interface.h in Headers */,
				3980E57E0EF7EC21002EB131 /* ipc.h in Headers */,
				3980E57F0EF7EC21002EB131 /* list.h in Headers */,
				3980E5800EF7EC21002EB131 /* node.h in Headers */,
				3980E5810EF7EC21002EB131 /* platform.h in Headers */,
				3980E5860EF7EC21002EB131 /* debug.h in Headers */,
				3980E5890EF7EC21002EB131 /* base64.h in Headers */,
				D32B22A91019C3A500132931 /* metadata.h in Headers */,
				D32B22AB1019C3A500132931 /* metadata_xml.h in Headers */,
				D32B22AD1019C3A500132931 /* sha1.h in Headers */,
				D32B22AE1019C3A500132931 /* sha1_private.h in Headers */,
			);
			runOnlyForDeploymentPostprocessing = 0;
		};
/* End PBXHeadersBuildPhase section */

/* Begin PBXNativeTarget section */
		3980E5460EF7EB4B002EB131 /* utils */ = {
			isa = PBXNativeTarget;
			buildConfigurationList = 3980E54E0EF7EB4E002EB131 /* Build configuration list for PBXNativeTarget "utils" */;
			buildPhases = (
				3980E5430EF7EB4B002EB131 /* Headers */,
				3980E5440EF7EB4B002EB131 /* Sources */,
				3980E5450EF7EB4B002EB131 /* Frameworks */,
			);
			buildRules = (
			);
			dependencies = (
			);
			name = utils;
			productName = utils;
			productReference = 3980E5470EF7EB4B002EB131 /* libutils.a */;
			productType = "com.apple.product-type.library.static";
		};
		3980E56B0EF7EBF4002EB131 /* libhaggle */ = {
			isa = PBXNativeTarget;
			buildConfigurationList = 3980E5770EF7EC08002EB131 /* Build configuration list for PBXNativeTarget "libhaggle" */;
			buildPhases = (
				3980E5680EF7EBF4002EB131 /* Headers */,
				3980E5690EF7EBF4002EB131 /* Sources */,
				3980E56A0EF7EBF4002EB131 /* Frameworks */,
			);
			buildRules = (
			);
			dependencies = (
				3980E5700EF7EBFB002EB131 /* PBXTargetDependency */,
			);
			name = libhaggle;
			productName = libhaggle;
			productReference = 3980E56C0EF7EBF4002EB131 /* liblibhaggle.dylib */;
			productType = "com.apple.product-type.library.dynamic";
		};
		8D1107260486CEB800E47090 /* HagglePut */ = {
			isa = PBXNativeTarget;
			buildConfigurationList = C01FCF4A08A954540054247B /* Build configuration list for PBXNativeTarget "HagglePut" */;
			buildPhases = (
				8D1107290486CEB800E47090 /* Resources */,
				8D11072C0486CEB800E47090 /* Sources */,
				8D11072E0486CEB800E47090 /* Frameworks */,
			);
			buildRules = (
			);
			dependencies = (
				D32B22B01019C3AF00132931 /* PBXTargetDependency */,
				3980E5930EF7EC30002EB131 /* PBXTargetDependency */,
			);
			name = HagglePut;
			productInstallPath = "$(HOME)/Applications";
			productName = HagglePut;
			productReference = 8D1107320486CEB800E47090 /* HagglePut.app */;
			productType = "com.apple.product-type.application";
		};
/* End PBXNativeTarget section */

/* Begin PBXProject section */
		29B97313FDCFA39411CA2CEA /* Project object */ = {
			isa = PBXProject;
			buildConfigurationList = C01FCF4E08A954540054247B /* Build configuration list for PBXProject "HagglePut" */;
			compatibilityVersion = "Xcode 3.1";
			hasScannedForEncodings = 1;
			mainGroup = 29B97314FDCFA39411CA2CEA /* HagglePut */;
			projectDirPath = "";
			projectRoot = "";
			targets = (
				8D1107260486CEB800E47090 /* HagglePut */,
				3980E5460EF7EB4B002EB131 /* utils */,
				3980E56B0EF7EBF4002EB131 /* libhaggle */,
			);
		};
/* End PBXProject section */

/* Begin PBXResourcesBuildPhase section */
		8D1107290486CEB800E47090 /* Resources */ = {
			isa = PBXResourcesBuildPhase;
			buildActionMask = 2147483647;
			files = (
				8D11072B0486CEB800E47090 /* InfoPlist.strings in Resources */,
				1DDD58160DA1D0A300B32029 /* MainMenu.xib in Resources */,
				3980E30C0EF7AD5C002EB131 /* 44_projector.jpg in Resources */,
				3980E30D0EF7AD5C002EB131 /* printer.gif in Resources */,
			);
			runOnlyForDeploymentPostprocessing = 0;
		};
/* End PBXResourcesBuildPhase section */

/* Begin PBXSourcesBuildPhase section */
		3980E5440EF7EB4B002EB131 /* Sources */ = {
			isa = PBXSourcesBuildPhase;
			buildActionMask = 2147483647;
			files = (
				3980E55A0EF7EB6C002EB131 /* utils.c in Sources */,
				3980E55F0EF7EB6C002EB131 /* bloomfilter.c in Sources */,
				3980E5610EF7EB6C002EB131 /* base64.c in Sources */,
				D32B22871019C34800132931 /* counting_bloomfilter.c in Sources */,
			);
			runOnlyForDeploymentPostprocessing = 0;
		};
		3980E5690EF7EBF4002EB131 /* Sources */ = {
			isa = PBXSourcesBuildPhase;
			buildActionMask = 2147483647;
			files = (
				3980E5820EF7EC21002EB131 /* platform.c in Sources */,
				3980E5830EF7EC21002EB131 /* node.c in Sources */,
				3980E5840EF7EC21002EB131 /* ipc.c in Sources */,
				3980E5850EF7EC21002EB131 /* interface.c in Sources */,
				3980E5870EF7EC21002EB131 /* debug.c in Sources */,
				3980E5880EF7EC21002EB131 /* dataobject.c in Sources */,
				3980E58A0EF7EC21002EB131 /* base64.c in Sources */,
				3980E58B0EF7EC21002EB131 /* attribute.c in Sources */,
				D32B22A81019C3A500132931 /* metadata.c in Sources */,
				D32B22AA1019C3A500132931 /* metadata_xml.c in Sources */,
				D32B22AC1019C3A500132931 /* sha1.c in Sources */,
			);
			runOnlyForDeploymentPostprocessing = 0;
		};
		8D11072C0486CEB800E47090 /* Sources */ = {
			isa = PBXSourcesBuildPhase;
			buildActionMask = 2147483647;
			files = (
				8D11072D0486CEB800E47090 /* main.m in Sources */,
				396423120EF8E55E000D6650 /* HaggleView.m in Sources */,
			);
			runOnlyForDeploymentPostprocessing = 0;
		};
/* End PBXSourcesBuildPhase section */

/* Begin PBXTargetDependency section */
		3980E5700EF7EBFB002EB131 /* PBXTargetDependency */ = {
			isa = PBXTargetDependency;
			target = 3980E5460EF7EB4B002EB131 /* utils */;
			targetProxy = 3980E56F0EF7EBFB002EB131 /* PBXContainerItemProxy */;
		};
		3980E5930EF7EC30002EB131 /* PBXTargetDependency */ = {
			isa = PBXTargetDependency;
			target = 3980E56B0EF7EBF4002EB131 /* libhaggle */;
			targetProxy = 3980E5920EF7EC30002EB131 /* PBXContainerItemProxy */;
		};
		D32B22B01019C3AF00132931 /* PBXTargetDependency */ = {
			isa = PBXTargetDependency;
			target = 3980E5460EF7EB4B002EB131 /* utils */;
			targetProxy = D32B22AF1019C3AF00132931 /* PBXContainerItemProxy */;
		};
/* End PBXTargetDependency section */

/* Begin PBXVariantGroup section */
		089C165CFE840E0CC02AAC07 /* InfoPlist.strings */ = {
			isa = PBXVariantGroup;
			children = (
				089C165DFE840E0CC02AAC07 /* English */,
			);
			name = InfoPlist.strings;
			sourceTree = "<group>";
		};
		1DDD58140DA1D0A300B32029 /* MainMenu.xib */ = {
			isa = PBXVariantGroup;
			children = (
				1DDD58150DA1D0A300B32029 /* English */,
			);
			name = MainMenu.xib;
			sourceTree = "<group>";
		};
/* End PBXVariantGroup section */

/* Begin XCBuildConfiguration section */
		3980E5480EF7EB4B002EB131 /* Debug */ = {
			isa = XCBuildConfiguration;
			buildSettings = {
				ALWAYS_SEARCH_USER_PATHS = NO;
				COPY_PHASE_STRIP = NO;
				GCC_DYNAMIC_NO_PIC = NO;
				GCC_ENABLE_FIX_AND_CONTINUE = YES;
				GCC_MODEL_TUNING = G5;
				GCC_OPTIMIZATION_LEVEL = 0;
				GCC_PREPROCESSOR_DEFINITIONS = OS_MACOSX;
				INSTALL_PATH = /usr/local/lib;
				PREBINDING = NO;
				PRODUCT_NAME = utils;
			};
			name = Debug;
		};
		3980E5490EF7EB4B002EB131 /* Release */ = {
			isa = XCBuildConfiguration;
			buildSettings = {
				ALWAYS_SEARCH_USER_PATHS = NO;
				COPY_PHASE_STRIP = YES;
				DEBUG_INFORMATION_FORMAT = "dwarf-with-dsym";
				GCC_ENABLE_FIX_AND_CONTINUE = NO;
				GCC_MODEL_TUNING = G5;
				INSTALL_PATH = /usr/local/lib;
				PREBINDING = NO;
				PRODUCT_NAME = utils;
				ZERO_LINK = NO;
			};
			name = Release;
		};
		3980E56D0EF7EBF4002EB131 /* Debug */ = {
			isa = XCBuildConfiguration;
			buildSettings = {
				ALWAYS_SEARCH_USER_PATHS = NO;
				COPY_PHASE_STRIP = NO;
				EXECUTABLE_PREFIX = lib;
				GCC_DYNAMIC_NO_PIC = NO;
				GCC_ENABLE_FIX_AND_CONTINUE = YES;
				GCC_MODEL_TUNING = G5;
				GCC_OPTIMIZATION_LEVEL = 0;
				GCC_PREPROCESSOR_DEFINITIONS = OS_MACOSX;
				HEADER_SEARCH_PATHS = (
					"src/utils\n",
					src/hagglekernel,
					src/libhaggle/include,
					/usr/include/libxml2,
				);
				INSTALL_PATH = /usr/local/lib;
				PREBINDING = NO;
				PRODUCT_NAME = libhaggle;
			};
			name = Debug;
		};
		3980E56E0EF7EBF4002EB131 /* Release */ = {
			isa = XCBuildConfiguration;
			buildSettings = {
				ALWAYS_SEARCH_USER_PATHS = NO;
				COPY_PHASE_STRIP = YES;
				DEBUG_INFORMATION_FORMAT = "dwarf-with-dsym";
				EXECUTABLE_PREFIX = lib;
				GCC_ENABLE_FIX_AND_CONTINUE = NO;
				GCC_MODEL_TUNING = G5;
				INSTALL_PATH = /usr/local/lib;
				PREBINDING = NO;
				PRODUCT_NAME = libhaggle;
				ZERO_LINK = NO;
			};
			name = Release;
		};
		C01FCF4B08A954540054247B /* Debug */ = {
			isa = XCBuildConfiguration;
			buildSettings = {
				ALWAYS_SEARCH_USER_PATHS = NO;
				COPY_PHASE_STRIP = NO;
				GCC_DYNAMIC_NO_PIC = NO;
				GCC_ENABLE_FIX_AND_CONTINUE = YES;
				GCC_MODEL_TUNING = G5;
				GCC_OPTIMIZATION_LEVEL = 0;
				GCC_PRECOMPILE_PREFIX_HEADER = YES;
				GCC_PREFIX_HEADER = HagglePut_Prefix.pch;
				INFOPLIST_FILE = Info.plist;
				INSTALL_PATH = "$(HOME)/Applications";
				LIBRARY_SEARCH_PATHS = (
					"$(inherited)",
					"\"$(SRCROOT)/../../src/libhaggle\"",
					"\"$(SRCROOT)/../../src/libhaggle/.libs\"",
					"\"$(SRCROOT)/build/Debug\"",
				);
				PRODUCT_NAME = HagglePut;
			};
			name = Debug;
		};
		C01FCF4C08A954540054247B /* Release */ = {
			isa = XCBuildConfiguration;
			buildSettings = {
				ALWAYS_SEARCH_USER_PATHS = NO;
				DEBUG_INFORMATION_FORMAT = "dwarf-with-dsym";
				GCC_MODEL_TUNING = G5;
				GCC_PRECOMPILE_PREFIX_HEADER = YES;
				GCC_PREFIX_HEADER = HagglePut_Prefix.pch;
				INFOPLIST_FILE = Info.plist;
				INSTALL_PATH = "$(HOME)/Applications";
				LIBRARY_SEARCH_PATHS = (
					"$(inherited)",
					"\"$(SRCROOT)/../../src/libhaggle/.libs\"",
					"\"$(SRCROOT)/../../src/libhaggle\"",
					"\"$(SRCROOT)/build/Debug\"",
				);
				PRODUCT_NAME = HagglePut;
			};
			name = Release;
		};
		C01FCF4F08A954540054247B /* Debug */ = {
			isa = XCBuildConfiguration;
			buildSettings = {
				ARCHS = "$(ARCHS_STANDARD_32_BIT)";
				GCC_C_LANGUAGE_STANDARD = c99;
				GCC_OPTIMIZATION_LEVEL = 0;
				GCC_WARN_ABOUT_RETURN_TYPE = YES;
				GCC_WARN_UNUSED_VARIABLE = YES;
				HEADER_SEARCH_PATHS = (
					"$(PROJECT_DIR)/../../src/libhaggle/include",
					/usr/include/libxml2,
				);
				ONLY_ACTIVE_ARCH = YES;
				OTHER_CFLAGS = "-DOS_MACOSX";
				PREBINDING = NO;
				SDKROOT = macosx10.5;
			};
			name = Debug;
		};
		C01FCF5008A954540054247B /* Release */ = {
			isa = XCBuildConfiguration;
			buildSettings = {
				ARCHS = "$(ARCHS_STANDARD_32_BIT)";
				GCC_C_LANGUAGE_STANDARD = c99;
				GCC_WARN_ABOUT_RETURN_TYPE = YES;
				GCC_WARN_UNUSED_VARIABLE = YES;
				HEADER_SEARCH_PATHS = (
					"$(PROJECT_DIR)/../../src/libhaggle/include",
					/usr/include/libxml2,
				);
				OTHER_CFLAGS = "-DOS_MACOSX";
				PREBINDING = NO;
				SDKROOT = macosx10.5;
			};
			name = Release;
		};
/* End XCBuildConfiguration section */

/* Begin XCConfigurationList section */
		3980E54E0EF7EB4E002EB131 /* Build configuration list for PBXNativeTarget "utils" */ = {
			isa = XCConfigurationList;
			buildConfigurations = (
				3980E5480EF7EB4B002EB131 /* Debug */,
				3980E5490EF7EB4B002EB131 /* Release */,
			);
			defaultConfigurationIsVisible = 0;
			defaultConfigurationName = Release;
		};
		3980E5770EF7EC08002EB131 /* Build configuration list for PBXNativeTarget "libhaggle" */ = {
			isa = XCConfigurationList;
			buildConfigurations = (
				3980E56D0EF7EBF4002EB131 /* Debug */,
				3980E56E0EF7EBF4002EB131 /* Release */,
			);
			defaultConfigurationIsVisible = 0;
			defaultConfigurationName = Release;
		};
		C01FCF4A08A954540054247B /* Build configuration list for PBXNativeTarget "HagglePut" */ = {
			isa = XCConfigurationList;
			buildConfigurations = (
				C01FCF4B08A954540054247B /* Debug */,
				C01FCF4C08A954540054247B /* Release */,
			);
			defaultConfigurationIsVisible = 0;
			defaultConfigurationName = Release;
		};
		C01FCF4E08A954540054247B /* Build configuration list for PBXProject "HagglePut" */ = {
			isa = XCConfigurationList;
			buildConfigurations = (
				C01FCF4F08A954540054247B /* Debug */,
				C01FCF5008A954540054247B /* Release */,
			);
			defaultConfigurationIsVisible = 0;
			defaultConfigurationName = Release;
		};
/* End XCConfigurationList section */
	};
	rootObject = 29B97313FDCFA39411CA2CEA /* Project object */;
}
