
Microsoft Visual Studio Solution File, Format Version 10.00
# Visual Studio 2008
Project("{8BC9CEB8-8B4A-11D0-8D11-00A0C91BC942}") = "libhaggle", "libhaggle.vcproj", "{8FFBE2A7-5F27-4A5B-8F55-1F8AEB5A50AA}"
	ProjectSection(ProjectDependencies) = postProject
		{D00F5706-F3D3-4C38-BA2A-BF8BF96F6734} = {D00F5706-F3D3-4C38-BA2A-BF8BF96F6734}
	EndProjectSection
EndProject
Project("{8BC9CEB8-8B4A-11D0-8D11-00A0C91BC942}") = "libxml2", "..\libxml2\libxml2.vcproj", "{D00F5706-F3D3-4C38-BA2A-BF8BF96F6734}"
EndProject
Global
	GlobalSection(SolutionConfigurationPlatforms) = preSolution
		Debug(testsuite)|Windows Mobile 5.0 Pocket PC SDK (ARMV4I) = Debug(testsuite)|Windows Mobile 5.0 Pocket PC SDK (ARMV4I)
		Debug(testsuite)|Windows Mobile 5.0 Smartphone SDK (ARMV4I) = Debug(testsuite)|Windows Mobile 5.0 Smartphone SDK (ARMV4I)
		Debug(testsuite)|Windows Mobile 6 Professional SDK (ARMV4I) = Debug(testsuite)|Windows Mobile 6 Professional SDK (ARMV4I)
		Debug(testsuite)|Windows Mobile 6 Standard SDK (ARMV4I) = Debug(testsuite)|Windows Mobile 6 Standard SDK (ARMV4I)
		Debug|Windows Mobile 5.0 Pocket PC SDK (ARMV4I) = Debug|Windows Mobile 5.0 Pocket PC SDK (ARMV4I)
		Debug|Windows Mobile 5.0 Smartphone SDK (ARMV4I) = Debug|Windows Mobile 5.0 Smartphone SDK (ARMV4I)
		Debug|Windows Mobile 6 Professional SDK (ARMV4I) = Debug|Windows Mobile 6 Professional SDK (ARMV4I)
		Debug|Windows Mobile 6 Standard SDK (ARMV4I) = Debug|Windows Mobile 6 Standard SDK (ARMV4I)
		Release|Windows Mobile 5.0 Pocket PC SDK (ARMV4I) = Release|Windows Mobile 5.0 Pocket PC SDK (ARMV4I)
		Release|Windows Mobile 5.0 Smartphone SDK (ARMV4I) = Release|Windows Mobile 5.0 Smartphone SDK (ARMV4I)
		Release|Windows Mobile 6 Professional SDK (ARMV4I) = Release|Windows Mobile 6 Professional SDK (ARMV4I)
		Release|Windows Mobile 6 Standard SDK (ARMV4I) = Release|Windows Mobile 6 Standard SDK (ARMV4I)
	EndGlobalSection
	GlobalSection(ProjectConfigurationPlatforms) = postSolution
		{8FFBE2A7-5F27-4A5B-8F55-1F8AEB5A50AA}.Debug(testsuite)|Windows Mobile 5.0 Pocket PC SDK (ARMV4I).ActiveCfg = Debug(testsuite)|Windows Mobile 5.0 Pocket PC SDK (ARMV4I)
		{8FFBE2A7-5F27-4A5B-8F55-1F8AEB5A50AA}.Debug(testsuite)|Windows Mobile 5.0 Pocket PC SDK (ARMV4I).Build.0 = Debug(testsuite)|Windows Mobile 5.0 Pocket PC SDK (ARMV4I)
		{8FFBE2A7-5F27-4A5B-8F55-1F8AEB5A50AA}.Debug(testsuite)|Windows Mobile 5.0 Pocket PC SDK (ARMV4I).Deploy.0 = Debug(testsuite)|Windows Mobile 5.0 Pocket PC SDK (ARMV4I)
		{8FFBE2A7-5F27-4A5B-8F55-1F8AEB5A50AA}.Debug(testsuite)|Windows Mobile 5.0 Smartphone SDK (ARMV4I).ActiveCfg = Debug(testsuite)|Windows Mobile 5.0 Pocket PC SDK (ARMV4I)
		{8FFBE2A7-5F27-4A5B-8F55-1F8AEB5A50AA}.Debug(testsuite)|Windows Mobile 6 Professional SDK (ARMV4I).ActiveCfg = Debug(testsuite)|Windows Mobile 6 Professional SDK (ARMV4I)
		{8FFBE2A7-5F27-4A5B-8F55-1F8AEB5A50AA}.Debug(testsuite)|Windows Mobile 6 Professional SDK (ARMV4I).Build.0 = Debug(testsuite)|Windows Mobile 6 Professional SDK (ARMV4I)
		{8FFBE2A7-5F27-4A5B-8F55-1F8AEB5A50AA}.Debug(testsuite)|Windows Mobile 6 Professional SDK (ARMV4I).Deploy.0 = Debug(testsuite)|Windows Mobile 6 Professional SDK (ARMV4I)
		{8FFBE2A7-5F27-4A5B-8F55-1F8AEB5A50AA}.Debug(testsuite)|Windows Mobile 6 Standard SDK (ARMV4I).ActiveCfg = Debug(testsuite)|Windows Mobile 6 Standard SDK (ARMV4I)
		{8FFBE2A7-5F27-4A5B-8F55-1F8AEB5A50AA}.Debug(testsuite)|Windows Mobile 6 Standard SDK (ARMV4I).Build.0 = Debug(testsuite)|Windows Mobile 6 Standard SDK (ARMV4I)
		{8FFBE2A7-5F27-4A5B-8F55-1F8AEB5A50AA}.Debug(testsuite)|Windows Mobile 6 Standard SDK (ARMV4I).Deploy.0 = Debug(testsuite)|Windows Mobile 6 Standard SDK (ARMV4I)
		{8FFBE2A7-5F27-4A5B-8F55-1F8AEB5A50AA}.Debug|Windows Mobile 5.0 Pocket PC SDK (ARMV4I).ActiveCfg = Debug|Windows Mobile 5.0 Pocket PC SDK (ARMV4I)
		{8FFBE2A7-5F27-4A5B-8F55-1F8AEB5A50AA}.Debug|Windows Mobile 5.0 Pocket PC SDK (ARMV4I).Build.0 = Debug|Windows Mobile 5.0 Pocket PC SDK (ARMV4I)
		{8FFBE2A7-5F27-4A5B-8F55-1F8AEB5A50AA}.Debug|Windows Mobile 5.0 Pocket PC SDK (ARMV4I).Deploy.0 = Debug|Windows Mobile 5.0 Pocket PC SDK (ARMV4I)
		{8FFBE2A7-5F27-4A5B-8F55-1F8AEB5A50AA}.Debug|Windows Mobile 5.0 Smartphone SDK (ARMV4I).ActiveCfg = Debug|Windows Mobile 5.0 Pocket PC SDK (ARMV4I)
		{8FFBE2A7-5F27-4A5B-8F55-1F8AEB5A50AA}.Debug|Windows Mobile 6 Professional SDK (ARMV4I).ActiveCfg = Debug|Windows Mobile 6 Professional SDK (ARMV4I)
		{8FFBE2A7-5F27-4A5B-8F55-1F8AEB5A50AA}.Debug|Windows Mobile 6 Professional SDK (ARMV4I).Build.0 = Debug|Windows Mobile 6 Professional SDK (ARMV4I)
		{8FFBE2A7-5F27-4A5B-8F55-1F8AEB5A50AA}.Debug|Windows Mobile 6 Professional SDK (ARMV4I).Deploy.0 = Debug|Windows Mobile 6 Professional SDK (ARMV4I)
		{8FFBE2A7-5F27-4A5B-8F55-1F8AEB5A50AA}.Debug|Windows Mobile 6 Standard SDK (ARMV4I).ActiveCfg = Debug|Windows Mobile 6 Standard SDK (ARMV4I)
		{8FFBE2A7-5F27-4A5B-8F55-1F8AEB5A50AA}.Debug|Windows Mobile 6 Standard SDK (ARMV4I).Build.0 = Debug|Windows Mobile 6 Standard SDK (ARMV4I)
		{8FFBE2A7-5F27-4A5B-8F55-1F8AEB5A50AA}.Debug|Windows Mobile 6 Standard SDK (ARMV4I).Deploy.0 = Debug|Windows Mobile 6 Standard SDK (ARMV4I)
		{8FFBE2A7-5F27-4A5B-8F55-1F8AEB5A50AA}.Release|Windows Mobile 5.0 Pocket PC SDK (ARMV4I).ActiveCfg = Release|Windows Mobile 5.0 Pocket PC SDK (ARMV4I)
		{8FFBE2A7-5F27-4A5B-8F55-1F8AEB5A50AA}.Release|Windows Mobile 5.0 Pocket PC SDK (ARMV4I).Build.0 = Release|Windows Mobile 5.0 Pocket PC SDK (ARMV4I)
		{8FFBE2A7-5F27-4A5B-8F55-1F8AEB5A50AA}.Release|Windows Mobile 5.0 Pocket PC SDK (ARMV4I).Deploy.0 = Release|Windows Mobile 5.0 Pocket PC SDK (ARMV4I)
		{8FFBE2A7-5F27-4A5B-8F55-1F8AEB5A50AA}.Release|Windows Mobile 5.0 Smartphone SDK (ARMV4I).ActiveCfg = Release|Windows Mobile 5.0 Pocket PC SDK (ARMV4I)
		{8FFBE2A7-5F27-4A5B-8F55-1F8AEB5A50AA}.Release|Windows Mobile 6 Professional SDK (ARMV4I).ActiveCfg = Release|Windows Mobile 6 Professional SDK (ARMV4I)
		{8FFBE2A7-5F27-4A5B-8F55-1F8AEB5A50AA}.Release|Windows Mobile 6 Professional SDK (ARMV4I).Build.0 = Release|Windows Mobile 6 Professional SDK (ARMV4I)
		{8FFBE2A7-5F27-4A5B-8F55-1F8AEB5A50AA}.Release|Windows Mobile 6 Professional SDK (ARMV4I).Deploy.0 = Release|Windows Mobile 6 Professional SDK (ARMV4I)
		{8FFBE2A7-5F27-4A5B-8F55-1F8AEB5A50AA}.Release|Windows Mobile 6 Standard SDK (ARMV4I).ActiveCfg = Release|Windows Mobile 6 Standard SDK (ARMV4I)
		{8FFBE2A7-5F27-4A5B-8F55-1F8AEB5A50AA}.Release|Windows Mobile 6 Standard SDK (ARMV4I).Build.0 = Release|Windows Mobile 6 Standard SDK (ARMV4I)
		{8FFBE2A7-5F27-4A5B-8F55-1F8AEB5A50AA}.Release|Windows Mobile 6 Standard SDK (ARMV4I).Deploy.0 = Release|Windows Mobile 6 Standard SDK (ARMV4I)
		{D00F5706-F3D3-4C38-BA2A-BF8BF96F6734}.Debug(testsuite)|Windows Mobile 5.0 Pocket PC SDK (ARMV4I).ActiveCfg = Debug(testsuite)|Windows Mobile 5.0 Pocket PC SDK (ARMV4I)
		{D00F5706-F3D3-4C38-BA2A-BF8BF96F6734}.Debug(testsuite)|Windows Mobile 5.0 Pocket PC SDK (ARMV4I).Build.0 = Debug(testsuite)|Windows Mobile 5.0 Pocket PC SDK (ARMV4I)
		{D00F5706-F3D3-4C38-BA2A-BF8BF96F6734}.Debug(testsuite)|Windows Mobile 5.0 Pocket PC SDK (ARMV4I).Deploy.0 = Debug(testsuite)|Windows Mobile 5.0 Pocket PC SDK (ARMV4I)
		{D00F5706-F3D3-4C38-BA2A-BF8BF96F6734}.Debug(testsuite)|Windows Mobile 5.0 Smartphone SDK (ARMV4I).ActiveCfg = Debug(testsuite)|Windows Mobile 5.0 Smartphone SDK (ARMV4I)
		{D00F5706-F3D3-4C38-BA2A-BF8BF96F6734}.Debug(testsuite)|Windows Mobile 5.0 Smartphone SDK (ARMV4I).Build.0 = Debug(testsuite)|Windows Mobile 5.0 Smartphone SDK (ARMV4I)
		{D00F5706-F3D3-4C38-BA2A-BF8BF96F6734}.Debug(testsuite)|Windows Mobile 5.0 Smartphone SDK (ARMV4I).Deploy.0 = Debug(testsuite)|Windows Mobile 5.0 Smartphone SDK (ARMV4I)
		{D00F5706-F3D3-4C38-BA2A-BF8BF96F6734}.Debug(testsuite)|Windows Mobile 6 Professional SDK (ARMV4I).ActiveCfg = Debug(testsuite)|Windows Mobile 6 Professional SDK (ARMV4I)
		{D00F5706-F3D3-4C38-BA2A-BF8BF96F6734}.Debug(testsuite)|Windows Mobile 6 Professional SDK (ARMV4I).Build.0 = Debug(testsuite)|Windows Mobile 6 Professional SDK (ARMV4I)
		{D00F5706-F3D3-4C38-BA2A-BF8BF96F6734}.Debug(testsuite)|Windows Mobile 6 Professional SDK (ARMV4I).Deploy.0 = Debug(testsuite)|Windows Mobile 6 Professional SDK (ARMV4I)
		{D00F5706-F3D3-4C38-BA2A-BF8BF96F6734}.Debug(testsuite)|Windows Mobile 6 Standard SDK (ARMV4I).ActiveCfg = Debug(testsuite)|Windows Mobile 6 Standard SDK (ARMV4I)
		{D00F5706-F3D3-4C38-BA2A-BF8BF96F6734}.Debug(testsuite)|Windows Mobile 6 Standard SDK (ARMV4I).Build.0 = Debug(testsuite)|Windows Mobile 6 Standard SDK (ARMV4I)
		{D00F5706-F3D3-4C38-BA2A-BF8BF96F6734}.Debug(testsuite)|Windows Mobile 6 Standard SDK (ARMV4I).Deploy.0 = Debug(testsuite)|Windows Mobile 6 Standard SDK (ARMV4I)
		{D00F5706-F3D3-4C38-BA2A-BF8BF96F6734}.Debug|Windows Mobile 5.0 Pocket PC SDK (ARMV4I).ActiveCfg = Debug|Windows Mobile 5.0 Pocket PC SDK (ARMV4I)
		{D00F5706-F3D3-4C38-BA2A-BF8BF96F6734}.Debug|Windows Mobile 5.0 Pocket PC SDK (ARMV4I).Build.0 = Debug|Windows Mobile 5.0 Pocket PC SDK (ARMV4I)
		{D00F5706-F3D3-4C38-BA2A-BF8BF96F6734}.Debug|Windows Mobile 5.0 Pocket PC SDK (ARMV4I).Deploy.0 = Debug|Windows Mobile 5.0 Pocket PC SDK (ARMV4I)
		{D00F5706-F3D3-4C38-BA2A-BF8BF96F6734}.Debug|Windows Mobile 5.0 Smartphone SDK (ARMV4I).ActiveCfg = Debug|Windows Mobile 5.0 Smartphone SDK (ARMV4I)
		{D00F5706-F3D3-4C38-BA2A-BF8BF96F6734}.Debug|Windows Mobile 5.0 Smartphone SDK (ARMV4I).Build.0 = Debug|Windows Mobile 5.0 Smartphone SDK (ARMV4I)
		{D00F5706-F3D3-4C38-BA2A-BF8BF96F6734}.Debug|Windows Mobile 5.0 Smartphone SDK (ARMV4I).Deploy.0 = Debug|Windows Mobile 5.0 Smartphone SDK (ARMV4I)
		{D00F5706-F3D3-4C38-BA2A-BF8BF96F6734}.Debug|Windows Mobile 6 Professional SDK (ARMV4I).ActiveCfg = Debug|Windows Mobile 6 Professional SDK (ARMV4I)
		{D00F5706-F3D3-4C38-BA2A-BF8BF96F6734}.Debug|Windows Mobile 6 Professional SDK (ARMV4I).Build.0 = Debug|Windows Mobile 6 Professional SDK (ARMV4I)
		{D00F5706-F3D3-4C38-BA2A-BF8BF96F6734}.Debug|Windows Mobile 6 Professional SDK (ARMV4I).Deploy.0 = Debug|Windows Mobile 6 Professional SDK (ARMV4I)
		{D00F5706-F3D3-4C38-BA2A-BF8BF96F6734}.Debug|Windows Mobile 6 Standard SDK (ARMV4I).ActiveCfg = Debug|Windows Mobile 6 Standard SDK (ARMV4I)
		{D00F5706-F3D3-4C38-BA2A-BF8BF96F6734}.Debug|Windows Mobile 6 Standard SDK (ARMV4I).Build.0 = Debug|Windows Mobile 6 Standard SDK (ARMV4I)
		{D00F5706-F3D3-4C38-BA2A-BF8BF96F6734}.Debug|Windows Mobile 6 Standard SDK (ARMV4I).Deploy.0 = Debug|Windows Mobile 6 Standard SDK (ARMV4I)
		{D00F5706-F3D3-4C38-BA2A-BF8BF96F6734}.Release|Windows Mobile 5.0 Pocket PC SDK (ARMV4I).ActiveCfg = Release|Windows Mobile 5.0 Pocket PC SDK (ARMV4I)
		{D00F5706-F3D3-4C38-BA2A-BF8BF96F6734}.Release|Windows Mobile 5.0 Pocket PC SDK (ARMV4I).Build.0 = Release|Windows Mobile 5.0 Pocket PC SDK (ARMV4I)
		{D00F5706-F3D3-4C38-BA2A-BF8BF96F6734}.Release|Windows Mobile 5.0 Pocket PC SDK (ARMV4I).Deploy.0 = Release|Windows Mobile 5.0 Pocket PC SDK (ARMV4I)
		{D00F5706-F3D3-4C38-BA2A-BF8BF96F6734}.Release|Windows Mobile 5.0 Smartphone SDK (ARMV4I).ActiveCfg = Release|Windows Mobile 5.0 Smartphone SDK (ARMV4I)
		{D00F5706-F3D3-4C38-BA2A-BF8BF96F6734}.Release|Windows Mobile 5.0 Smartphone SDK (ARMV4I).Build.0 = Release|Windows Mobile 5.0 Smartphone SDK (ARMV4I)
		{D00F5706-F3D3-4C38-BA2A-BF8BF96F6734}.Release|Windows Mobile 5.0 Smartphone SDK (ARMV4I).Deploy.0 = Release|Windows Mobile 5.0 Smartphone SDK (ARMV4I)
		{D00F5706-F3D3-4C38-BA2A-BF8BF96F6734}.Release|Windows Mobile 6 Professional SDK (ARMV4I).ActiveCfg = Release|Windows Mobile 6 Professional SDK (ARMV4I)
		{D00F5706-F3D3-4C38-BA2A-BF8BF96F6734}.Release|Windows Mobile 6 Professional SDK (ARMV4I).Build.0 = Release|Windows Mobile 6 Professional SDK (ARMV4I)
		{D00F5706-F3D3-4C38-BA2A-BF8BF96F6734}.Release|Windows Mobile 6 Professional SDK (ARMV4I).Deploy.0 = Release|Windows Mobile 6 Professional SDK (ARMV4I)
		{D00F5706-F3D3-4C38-BA2A-BF8BF96F6734}.Release|Windows Mobile 6 Standard SDK (ARMV4I).ActiveCfg = Release|Windows Mobile 6 Standard SDK (ARMV4I)
		{D00F5706-F3D3-4C38-BA2A-BF8BF96F6734}.Release|Windows Mobile 6 Standard SDK (ARMV4I).Build.0 = Release|Windows Mobile 6 Standard SDK (ARMV4I)
		{D00F5706-F3D3-4C38-BA2A-BF8BF96F6734}.Release|Windows Mobile 6 Standard SDK (ARMV4I).Deploy.0 = Release|Windows Mobile 6 Standard SDK (ARMV4I)
	EndGlobalSection
	GlobalSection(SolutionProperties) = preSolution
		HideSolutionNode = FALSE
	EndGlobalSection
EndGlobal
